// !$*UTF8*$!
{
	archiveVersion = 1;
	classes = {
	};
	objectVersion = 56;
	objects = {

/* Begin PBXBuildFile section */
		C62B918E2AEF000F0085300B /* Main.cpp in Sources */ = {isa = PBXBuildFile; fileRef = C62B90452AEEFC2F0085300B /* Main.cpp */; };
		C62B918F2AEF001D0085300B /* LinkedListTest.cpp in Sources */ = {isa = PBXBuildFile; fileRef = C62B90552AEEFC3C0085300B /* LinkedListTest.cpp */; };
		C62B91902AEF001D0085300B /* GeometryTest.cpp in Sources */ = {isa = PBXBuildFile; fileRef = C62B90572AEEFC3C0085300B /* GeometryTest.cpp */; };
		C62B91912AEF001D0085300B /* DeflateTest.cpp in Sources */ = {isa = PBXBuildFile; fileRef = C62B905C2AEEFC3C0085300B /* DeflateTest.cpp */; };
		C62B91922AEF001D0085300B /* VertexTest.cpp in Sources */ = {isa = PBXBuildFile; fileRef = C62B90582AEEFC3C0085300B /* VertexTest.cpp */; };
		C62B91932AEF001D0085300B /* UndoManagerTest.cpp in Sources */ = {isa = PBXBuildFile; fileRef = C62B90532AEEFC3C0085300B /* UndoManagerTest.cpp */; };
		C62B91942AEF001D0085300B /* DateTest.cpp in Sources */ = {isa = PBXBuildFile; fileRef = C62B90542AEEFC3C0085300B /* DateTest.cpp */; };
		C62B91952AEF001D0085300B /* MathTest.cpp in Sources */ = {isa = PBXBuildFile; fileRef = C62B90592AEEFC3C0085300B /* MathTest.cpp */; };
		C62B91962AEF001D0085300B /* MatrixTest.cpp in Sources */ = {isa = PBXBuildFile; fileRef = C62B905A2AEEFC3C0085300B /* MatrixTest.cpp */; };
		C62B91972AEF001D0085300B /* StringTest.cpp in Sources */ = {isa = PBXBuildFile; fileRef = C62B904C2AEEFC3C0085300B /* StringTest.cpp */; };
		C62B91982AEF001D0085300B /* StringTokenizerTest.cpp in Sources */ = {isa = PBXBuildFile; fileRef = C62B905B2AEEFC3C0085300B /* StringTokenizerTest.cpp */; };
		C62B91992AEF001D0085300B /* HashtableTest.cpp in Sources */ = {isa = PBXBuildFile; fileRef = C62B90472AEEFC3C0085300B /* HashtableTest.cpp */; };
		C637FA9E2AF7E68A00002ADC /* de_DE.mo in Copy Translations */ = {isa = PBXBuildFile; fileRef = C637FA9A2AF7DC8800002ADC /* de_DE.mo */; settings = {ATTRIBUTES = (CodeSignOnCopy, ); }; };
		C64DDBFE2B768F01008ED3A4 /* ByteArray.cpp in Sources */ = {isa = PBXBuildFile; fileRef = C64DDBFD2B768F01008ED3A4 /* ByteArray.cpp */; };
		C699222A2AF7AA660099AEC0 /* Thread.cpp in Sources */ = {isa = PBXBuildFile; fileRef = C62B907F2AEEFC550085300B /* Thread.cpp */; };
		C699222B2AF7AA660099AEC0 /* Diff.cpp in Sources */ = {isa = PBXBuildFile; fileRef = C62B90972AEEFC550085300B /* Diff.cpp */; };
		C699222C2AF7AA660099AEC0 /* DiffInfo.cpp in Sources */ = {isa = PBXBuildFile; fileRef = C62B90792AEEFC550085300B /* DiffInfo.cpp */; };
		C699222D2AF7AA660099AEC0 /* Mutex.cpp in Sources */ = {isa = PBXBuildFile; fileRef = C62B90632AEEFC550085300B /* Mutex.cpp */; };
		C699222E2AF7AA660099AEC0 /* Stream.cpp in Sources */ = {isa = PBXBuildFile; fileRef = C62B90812AEEFC550085300B /* Stream.cpp */; };
		C699222F2AF7AA660099AEC0 /* Colour.cpp in Sources */ = {isa = PBXBuildFile; fileRef = C62B90932AEEFC550085300B /* Colour.cpp */; };
		C69922302AF7AA660099AEC0 /* Inflater.cpp in Sources */ = {isa = PBXBuildFile; fileRef = C62B907A2AEEFC550085300B /* Inflater.cpp */; };
		C69922312AF7AA660099AEC0 /* UndoManager.cpp in Sources */ = {isa = PBXBuildFile; fileRef = C62B906A2AEEFC550085300B /* UndoManager.cpp */; };
		C69922322AF7AA660099AEC0 /* ZipOutputFile.cpp in Sources */ = {isa = PBXBuildFile; fileRef = C62B90942AEEFC550085300B /* ZipOutputFile.cpp */; };
		C69922332AF7AA660099AEC0 /* Iterator.cpp in Sources */ = {isa = PBXBuildFile; fileRef = C62B90892AEEFC550085300B /* Iterator.cpp */; };
		C69922342AF7AA660099AEC0 /* MacRomanDecoder.cpp in Sources */ = {isa = PBXBuildFile; fileRef = C62B90952AEEFC550085300B /* MacRomanDecoder.cpp */; };
		C69922352AF7AA660099AEC0 /* System.cpp in Sources */ = {isa = PBXBuildFile; fileRef = C62B908C2AEEFC550085300B /* System.cpp */; };
		C69922362AF7AA660099AEC0 /* Transform.cpp in Sources */ = {isa = PBXBuildFile; fileRef = C62B90822AEEFC550085300B /* Transform.cpp */; };
		C69922372AF7AA660099AEC0 /* UTF8Decoder.cpp in Sources */ = {isa = PBXBuildFile; fileRef = C62B90782AEEFC550085300B /* UTF8Decoder.cpp */; };
		C69922382AF7AA660099AEC0 /* AutoreleasePool.cpp in Sources */ = {isa = PBXBuildFile; fileRef = C62B907D2AEEFC550085300B /* AutoreleasePool.cpp */; };
		C69922392AF7AA660099AEC0 /* Vector.cpp in Sources */ = {isa = PBXBuildFile; fileRef = C62B90842AEEFC550085300B /* Vector.cpp */; };
		C699223A2AF7AA660099AEC0 /* Integer.cpp in Sources */ = {isa = PBXBuildFile; fileRef = C62B90882AEEFC550085300B /* Integer.cpp */; };
		C699223B2AF7AA660099AEC0 /* Math.cpp in Sources */ = {isa = PBXBuildFile; fileRef = C62B90662AEEFC550085300B /* Math.cpp */; };
		C699223C2AF7AA660099AEC0 /* Date.cpp in Sources */ = {isa = PBXBuildFile; fileRef = C62B908D2AEEFC550085300B /* Date.cpp */; };
		C699223D2AF7AA660099AEC0 /* NURBS.cpp in Sources */ = {isa = PBXBuildFile; fileRef = C62B90742AEEFC550085300B /* NURBS.cpp */; };
		C699223E2AF7AA660099AEC0 /* Geometry.cpp in Sources */ = {isa = PBXBuildFile; fileRef = C62B908E2AEEFC550085300B /* Geometry.cpp */; };
		C699223F2AF7AA660099AEC0 /* Object.cpp in Sources */ = {isa = PBXBuildFile; fileRef = C62B90732AEEFC550085300B /* Object.cpp */; };
		C69922402AF7AA660099AEC0 /* DiffBacktrace.cpp in Sources */ = {isa = PBXBuildFile; fileRef = C62B90712AEEFC550085300B /* DiffBacktrace.cpp */; };
		C69922412AF7AA660099AEC0 /* Serializer.cpp in Sources */ = {isa = PBXBuildFile; fileRef = C62B90672AEEFC550085300B /* Serializer.cpp */; };
		C69922422AF7AA660099AEC0 /* Test.cpp in Sources */ = {isa = PBXBuildFile; fileRef = C62B905E2AEEFC550085300B /* Test.cpp */; };
		C69922432AF7AA660099AEC0 /* EditableObject.cpp in Sources */ = {isa = PBXBuildFile; fileRef = C6F0F51E2AF63C15005BA06F /* EditableObject.cpp */; };
		C69922442AF7AA660099AEC0 /* UndoChange.cpp in Sources */ = {isa = PBXBuildFile; fileRef = C62B90722AEEFC550085300B /* UndoChange.cpp */; };
		C69922452AF7AA660099AEC0 /* Hashtable.cpp in Sources */ = {isa = PBXBuildFile; fileRef = C62B90802AEEFC550085300B /* Hashtable.cpp */; };
		C69922462AF7AA660099AEC0 /* SAXAttributes.cpp in Sources */ = {isa = PBXBuildFile; fileRef = C62B907B2AEEFC550085300B /* SAXAttributes.cpp */; };
		C69922472AF7AA660099AEC0 /* Deflater.cpp in Sources */ = {isa = PBXBuildFile; fileRef = C62B908A2AEEFC550085300B /* Deflater.cpp */; };
		C69922482AF7AA660099AEC0 /* MacBindings.mm in Sources */ = {isa = PBXBuildFile; fileRef = C62B919F2AEF03A30085300B /* MacBindings.mm */; };
		C69922492AF7AA660099AEC0 /* Preferences.cpp in Sources */ = {isa = PBXBuildFile; fileRef = C62B90642AEEFC550085300B /* Preferences.cpp */; };
		C699224A2AF7AA660099AEC0 /* PaintingBackend.cpp in Sources */ = {isa = PBXBuildFile; fileRef = C62B90872AEEFC550085300B /* PaintingBackend.cpp */; };
		C699224B2AF7AA660099AEC0 /* DiffDiag.cpp in Sources */ = {isa = PBXBuildFile; fileRef = C62B906D2AEEFC550085300B /* DiffDiag.cpp */; };
		C699224C2AF7AA660099AEC0 /* Windows1252Decoder.cpp in Sources */ = {isa = PBXBuildFile; fileRef = C62B90772AEEFC550085300B /* Windows1252Decoder.cpp */; };
		C699224D2AF7AA660099AEC0 /* Character.cpp in Sources */ = {isa = PBXBuildFile; fileRef = C62B908B2AEEFC550085300B /* Character.cpp */; };
		C699224E2AF7AA660099AEC0 /* UTF16Decoder.cpp in Sources */ = {isa = PBXBuildFile; fileRef = C62B906C2AEEFC550085300B /* UTF16Decoder.cpp */; };
		C699224F2AF7AA660099AEC0 /* LinkedList.cpp in Sources */ = {isa = PBXBuildFile; fileRef = C62B90692AEEFC550085300B /* LinkedList.cpp */; };
		C69922502AF7AA660099AEC0 /* Charset.cpp in Sources */ = {isa = PBXBuildFile; fileRef = C62B90902AEEFC550085300B /* Charset.cpp */; };
		C69922512AF7AA660099AEC0 /* Base64.cpp in Sources */ = {isa = PBXBuildFile; fileRef = C62B90962AEEFC550085300B /* Base64.cpp */; };
		C69922522AF7AA660099AEC0 /* TestVector.cpp in Sources */ = {isa = PBXBuildFile; fileRef = C62B90992AEEFC550085300B /* TestVector.cpp */; };
		C69922532AF7AA660099AEC0 /* UndoStep.cpp in Sources */ = {isa = PBXBuildFile; fileRef = C62B906B2AEEFC550085300B /* UndoStep.cpp */; };
		C69922542AF7AA660099AEC0 /* String.cpp in Sources */ = {isa = PBXBuildFile; fileRef = C62B908F2AEEFC550085300B /* String.cpp */; };
		C69922552AF7AA660099AEC0 /* Vertex3.cpp in Sources */ = {isa = PBXBuildFile; fileRef = C62B90652AEEFC550085300B /* Vertex3.cpp */; };
		C69922562AF7AA660099AEC0 /* XMLWriter.cpp in Sources */ = {isa = PBXBuildFile; fileRef = C62B906F2AEEFC550085300B /* XMLWriter.cpp */; };
		C69922572AF7AA660099AEC0 /* URI.cpp in Sources */ = {isa = PBXBuildFile; fileRef = C62B90602AEEFC550085300B /* URI.cpp */; };
		C69922582AF7AA660099AEC0 /* Matrix.cpp in Sources */ = {isa = PBXBuildFile; fileRef = C62B90612AEEFC550085300B /* Matrix.cpp */; };
		C69922592AF7AA660099AEC0 /* File.cpp in Sources */ = {isa = PBXBuildFile; fileRef = C62B90922AEEFC550085300B /* File.cpp */; };
		C699225A2AF7AA660099AEC0 /* CRC.cpp in Sources */ = {isa = PBXBuildFile; fileRef = C62B906E2AEEFC550085300B /* CRC.cpp */; };
		C699225B2AF7AA660099AEC0 /* Exception.cpp in Sources */ = {isa = PBXBuildFile; fileRef = C62B90862AEEFC550085300B /* Exception.cpp */; };
		C699225C2AF7AA660099AEC0 /* DateFormatter.cpp in Sources */ = {isa = PBXBuildFile; fileRef = C62B90982AEEFC550085300B /* DateFormatter.cpp */; };
		C699225D2AF7AA660099AEC0 /* Property.cpp in Sources */ = {isa = PBXBuildFile; fileRef = C62B90762AEEFC550085300B /* Property.cpp */; };
		C699225E2AF7AA660099AEC0 /* Document.cpp in Sources */ = {isa = PBXBuildFile; fileRef = C62B90852AEEFC550085300B /* Document.cpp */; };
		C699225F2AF7AA660099AEC0 /* I18nBundle.cpp in Sources */ = {isa = PBXBuildFile; fileRef = C62B907C2AEEFC550085300B /* I18nBundle.cpp */; };
		C69922602AF7AA660099AEC0 /* StringTokenizer.cpp in Sources */ = {isa = PBXBuildFile; fileRef = C62B90912AEEFC550085300B /* StringTokenizer.cpp */; };
		C69922612AF7AA660099AEC0 /* Vertex2.cpp in Sources */ = {isa = PBXBuildFile; fileRef = C62B907E2AEEFC550085300B /* Vertex2.cpp */; };
		C69922622AF7AA660099AEC0 /* CharsetDecoder.cpp in Sources */ = {isa = PBXBuildFile; fileRef = C62B90622AEEFC550085300B /* CharsetDecoder.cpp */; };
		C69922632AF7AA660099AEC0 /* DiffDistance.cpp in Sources */ = {isa = PBXBuildFile; fileRef = C62B905F2AEEFC550085300B /* DiffDistance.cpp */; };
		C69922642AF7AA660099AEC0 /* ZipFile.cpp in Sources */ = {isa = PBXBuildFile; fileRef = C62B90702AEEFC550085300B /* ZipFile.cpp */; };
		C69922652AF7AA660099AEC0 /* MemoryStream.cpp in Sources */ = {isa = PBXBuildFile; fileRef = C62B90752AEEFC550085300B /* MemoryStream.cpp */; };
		C69922662AF7AA660099AEC0 /* Extents.cpp in Sources */ = {isa = PBXBuildFile; fileRef = C62B90832AEEFC550085300B /* Extents.cpp */; };
		C69922672AF7AA660099AEC0 /* SAXParser.cpp in Sources */ = {isa = PBXBuildFile; fileRef = C62B90682AEEFC550085300B /* SAXParser.cpp */; };
		C69922682AF7AA850099AEC0 /* libz.tbd in Frameworks */ = {isa = PBXBuildFile; fileRef = C62B919D2AEF008A0085300B /* libz.tbd */; };
		C69922692AF7AA8A0099AEC0 /* CoreServices.framework in Frameworks */ = {isa = PBXBuildFile; fileRef = C62B919B2AEF006B0085300B /* CoreServices.framework */; };
		C699226A2AF7AAC20099AEC0 /* JameoCore.framework in Frameworks */ = {isa = PBXBuildFile; fileRef = C69922212AF7AA2C0099AEC0 /* JameoCore.framework */; };
		C699226E2AF7AB6C0099AEC0 /* Array.h in Copy Headers */ = {isa = PBXBuildFile; fileRef = C62B90FC2AEEFC6A0085300B /* Array.h */; settings = {ATTRIBUTES = (CodeSignOnCopy, ); }; };
		C699226F2AF7AB6C0099AEC0 /* AutoreleasePool.h in Copy Headers */ = {isa = PBXBuildFile; fileRef = C62B90E62AEEFC6A0085300B /* AutoreleasePool.h */; settings = {ATTRIBUTES = (CodeSignOnCopy, ); }; };
		C69922702AF7AB6C0099AEC0 /* Base64.h in Copy Headers */ = {isa = PBXBuildFile; fileRef = C62B90DD2AEEFC6A0085300B /* Base64.h */; settings = {ATTRIBUTES = (CodeSignOnCopy, ); }; };
		C69922712AF7AB6C0099AEC0 /* CharArray.h in Copy Headers */ = {isa = PBXBuildFile; fileRef = C62B90E22AEEFC6A0085300B /* CharArray.h */; settings = {ATTRIBUTES = (CodeSignOnCopy, ); }; };
		C69922722AF7AB6C0099AEC0 /* Charset.h in Copy Headers */ = {isa = PBXBuildFile; fileRef = C62B90F12AEEFC6A0085300B /* Charset.h */; settings = {ATTRIBUTES = (CodeSignOnCopy, ); }; };
		C69922732AF7AB6C0099AEC0 /* Colour.h in Copy Headers */ = {isa = PBXBuildFile; fileRef = C62B91032AEEFC6A0085300B /* Colour.h */; settings = {ATTRIBUTES = (CodeSignOnCopy, ); }; };
		C69922742AF7AB6C0099AEC0 /* Core.h in Copy Headers */ = {isa = PBXBuildFile; fileRef = C62B90E82AEEFC6A0085300B /* Core.h */; settings = {ATTRIBUTES = (CodeSignOnCopy, ); }; };
		C69922752AF7AB6C0099AEC0 /* CRC.h in Copy Headers */ = {isa = PBXBuildFile; fileRef = C62B91062AEEFC6A0085300B /* CRC.h */; settings = {ATTRIBUTES = (CodeSignOnCopy, ); }; };
		C69922762AF7AB6C0099AEC0 /* Date.h in Copy Headers */ = {isa = PBXBuildFile; fileRef = C62B90FD2AEEFC6A0085300B /* Date.h */; settings = {ATTRIBUTES = (CodeSignOnCopy, ); }; };
		C69922772AF7AB6C0099AEC0 /* Deflater.h in Copy Headers */ = {isa = PBXBuildFile; fileRef = C62B91082AEEFC6A0085300B /* Deflater.h */; settings = {ATTRIBUTES = (CodeSignOnCopy, ); }; };
		C69922782AF7AB6C0099AEC0 /* Diff.h in Copy Headers */ = {isa = PBXBuildFile; fileRef = C62B90DB2AEEFC690085300B /* Diff.h */; settings = {ATTRIBUTES = (CodeSignOnCopy, ); }; };
		C69922792AF7AB6C0099AEC0 /* DiffBacktrace.h in Copy Headers */ = {isa = PBXBuildFile; fileRef = C62B90EF2AEEFC6A0085300B /* DiffBacktrace.h */; settings = {ATTRIBUTES = (CodeSignOnCopy, ); }; };
		C699227A2AF7AB6C0099AEC0 /* DiffDiag.h in Copy Headers */ = {isa = PBXBuildFile; fileRef = C62B90DE2AEEFC6A0085300B /* DiffDiag.h */; settings = {ATTRIBUTES = (CodeSignOnCopy, ); }; };
		C699227B2AF7AB6C0099AEC0 /* DiffDistance.h in Copy Headers */ = {isa = PBXBuildFile; fileRef = C62B90E02AEEFC6A0085300B /* DiffDistance.h */; settings = {ATTRIBUTES = (CodeSignOnCopy, ); }; };
		C699227C2AF7AB6C0099AEC0 /* DiffInfo.h in Copy Headers */ = {isa = PBXBuildFile; fileRef = C62B90E32AEEFC6A0085300B /* DiffInfo.h */; settings = {ATTRIBUTES = (CodeSignOnCopy, ); }; };
		C699227D2AF7AB6C0099AEC0 /* DiffTypes.h in Copy Headers */ = {isa = PBXBuildFile; fileRef = C62B91092AEEFC6A0085300B /* DiffTypes.h */; settings = {ATTRIBUTES = (CodeSignOnCopy, ); }; };
		C699227E2AF7AB6C0099AEC0 /* Document.h in Copy Headers */ = {isa = PBXBuildFile; fileRef = C62B90DF2AEEFC6A0085300B /* Document.h */; settings = {ATTRIBUTES = (CodeSignOnCopy, ); }; };
		C699227F2AF7AB6C0099AEC0 /* Exception.h in Copy Headers */ = {isa = PBXBuildFile; fileRef = C62B90ED2AEEFC6A0085300B /* Exception.h */; settings = {ATTRIBUTES = (CodeSignOnCopy, ); }; };
		C69922802AF7AB6C0099AEC0 /* File.h in Copy Headers */ = {isa = PBXBuildFile; fileRef = C62B90DA2AEEFC690085300B /* File.h */; settings = {ATTRIBUTES = (CodeSignOnCopy, ); }; };
		C69922812AF7AB6C0099AEC0 /* Geometry.h in Copy Headers */ = {isa = PBXBuildFile; fileRef = C62B91022AEEFC6A0085300B /* Geometry.h */; settings = {ATTRIBUTES = (CodeSignOnCopy, ); }; };
		C69922822AF7AB6C0099AEC0 /* Hashtable.h in Copy Headers */ = {isa = PBXBuildFile; fileRef = C62B91052AEEFC6A0085300B /* Hashtable.h */; settings = {ATTRIBUTES = (CodeSignOnCopy, ); }; };
		C69922832AF7AB6C0099AEC0 /* I18nBundle.h in Copy Headers */ = {isa = PBXBuildFile; fileRef = C62B90F82AEEFC6A0085300B /* I18nBundle.h */; settings = {ATTRIBUTES = (CodeSignOnCopy, ); }; };
		C69922842AF7AB6C0099AEC0 /* Inflater.h in Copy Headers */ = {isa = PBXBuildFile; fileRef = C62B910C2AEEFC6A0085300B /* Inflater.h */; settings = {ATTRIBUTES = (CodeSignOnCopy, ); }; };
		C69922852AF7AB6C0099AEC0 /* Integer.h in Copy Headers */ = {isa = PBXBuildFile; fileRef = C62B90F42AEEFC6A0085300B /* Integer.h */; settings = {ATTRIBUTES = (CodeSignOnCopy, ); }; };
		C69922862AF7AB6C0099AEC0 /* Iterator.h in Copy Headers */ = {isa = PBXBuildFile; fileRef = C62B90FA2AEEFC6A0085300B /* Iterator.h */; settings = {ATTRIBUTES = (CodeSignOnCopy, ); }; };
		C69922872AF7AB6C0099AEC0 /* LinkedList.h in Copy Headers */ = {isa = PBXBuildFile; fileRef = C62B90E72AEEFC6A0085300B /* LinkedList.h */; settings = {ATTRIBUTES = (CodeSignOnCopy, ); }; };
		C69922882AF7AB6C0099AEC0 /* Math.h in Copy Headers */ = {isa = PBXBuildFile; fileRef = C62B90D82AEEFC690085300B /* Math.h */; settings = {ATTRIBUTES = (CodeSignOnCopy, ); }; };
		C69922892AF7AB6C0099AEC0 /* Matrix.h in Copy Headers */ = {isa = PBXBuildFile; fileRef = C62B90E42AEEFC6A0085300B /* Matrix.h */; settings = {ATTRIBUTES = (CodeSignOnCopy, ); }; };
		C699228A2AF7AB6C0099AEC0 /* MemoryStream.h in Copy Headers */ = {isa = PBXBuildFile; fileRef = C62B90EB2AEEFC6A0085300B /* MemoryStream.h */; settings = {ATTRIBUTES = (CodeSignOnCopy, ); }; };
		C699228B2AF7AB6C0099AEC0 /* Mutex.h in Copy Headers */ = {isa = PBXBuildFile; fileRef = C62B90D92AEEFC690085300B /* Mutex.h */; settings = {ATTRIBUTES = (CodeSignOnCopy, ); }; };
		C699228C2AF7AB6C0099AEC0 /* Nurbs.h in Copy Headers */ = {isa = PBXBuildFile; fileRef = C62B90F72AEEFC6A0085300B /* Nurbs.h */; settings = {ATTRIBUTES = (CodeSignOnCopy, ); }; };
		C699228D2AF7AB6C0099AEC0 /* Object.h in Copy Headers */ = {isa = PBXBuildFile; fileRef = C62B90E92AEEFC6A0085300B /* Object.h */; settings = {ATTRIBUTES = (CodeSignOnCopy, ); }; };
		C699228E2AF7AB6C0099AEC0 /* PaintingBackend.h in Copy Headers */ = {isa = PBXBuildFile; fileRef = C62B90EC2AEEFC6A0085300B /* PaintingBackend.h */; settings = {ATTRIBUTES = (CodeSignOnCopy, ); }; };
		C699228F2AF7AB6C0099AEC0 /* Preferences.h in Copy Headers */ = {isa = PBXBuildFile; fileRef = C62B90F32AEEFC6A0085300B /* Preferences.h */; settings = {ATTRIBUTES = (CodeSignOnCopy, ); }; };
		C69922902AF7AB6C0099AEC0 /* Property.h in Copy Headers */ = {isa = PBXBuildFile; fileRef = C62B90F02AEEFC6A0085300B /* Property.h */; settings = {ATTRIBUTES = (CodeSignOnCopy, ); }; };
		C69922912AF7AB6C0099AEC0 /* SAXParser.h in Copy Headers */ = {isa = PBXBuildFile; fileRef = C62B91012AEEFC6A0085300B /* SAXParser.h */; settings = {ATTRIBUTES = (CodeSignOnCopy, ); }; };
		C69922922AF7AB6C0099AEC0 /* Serializer.h in Copy Headers */ = {isa = PBXBuildFile; fileRef = C62B90EE2AEEFC6A0085300B /* Serializer.h */; settings = {ATTRIBUTES = (CodeSignOnCopy, ); }; };
		C69922932AF7AB6C0099AEC0 /* Stack.h in Copy Headers */ = {isa = PBXBuildFile; fileRef = C62B91072AEEFC6A0085300B /* Stack.h */; settings = {ATTRIBUTES = (CodeSignOnCopy, ); }; };
		C69922942AF7AB6C0099AEC0 /* Stream.h in Copy Headers */ = {isa = PBXBuildFile; fileRef = C62B90E52AEEFC6A0085300B /* Stream.h */; settings = {ATTRIBUTES = (CodeSignOnCopy, ); }; };
		C69922952AF7AB6C0099AEC0 /* String.h in Copy Headers */ = {isa = PBXBuildFile; fileRef = C62B90F62AEEFC6A0085300B /* String.h */; settings = {ATTRIBUTES = (CodeSignOnCopy, ); }; };
		C69922962AF7AB6C0099AEC0 /* StringTokenizer.h in Copy Headers */ = {isa = PBXBuildFile; fileRef = C62B90EA2AEEFC6A0085300B /* StringTokenizer.h */; settings = {ATTRIBUTES = (CodeSignOnCopy, ); }; };
		C69922972AF7AB6C0099AEC0 /* System.h in Copy Headers */ = {isa = PBXBuildFile; fileRef = C62B90E12AEEFC6A0085300B /* System.h */; settings = {ATTRIBUTES = (CodeSignOnCopy, ); }; };
		C69922982AF7AB6C0099AEC0 /* Test.h in Copy Headers */ = {isa = PBXBuildFile; fileRef = C62B91002AEEFC6A0085300B /* Test.h */; settings = {ATTRIBUTES = (CodeSignOnCopy, ); }; };
		C69922992AF7AB6C0099AEC0 /* Thread.h in Copy Headers */ = {isa = PBXBuildFile; fileRef = C62B91042AEEFC6A0085300B /* Thread.h */; settings = {ATTRIBUTES = (CodeSignOnCopy, ); }; };
		C699229A2AF7AB6C0099AEC0 /* Transform.h in Copy Headers */ = {isa = PBXBuildFile; fileRef = C62B90F22AEEFC6A0085300B /* Transform.h */; settings = {ATTRIBUTES = (CodeSignOnCopy, ); }; };
		C699229B2AF7AB6C0099AEC0 /* Types.h in Copy Headers */ = {isa = PBXBuildFile; fileRef = C62B90FE2AEEFC6A0085300B /* Types.h */; settings = {ATTRIBUTES = (CodeSignOnCopy, ); }; };
		C699229C2AF7AB6C0099AEC0 /* UndoData.h in Copy Headers */ = {isa = PBXBuildFile; fileRef = C62B90FF2AEEFC6A0085300B /* UndoData.h */; settings = {ATTRIBUTES = (CodeSignOnCopy, ); }; };
		C699229D2AF7AB6C0099AEC0 /* UndoManager.h in Copy Headers */ = {isa = PBXBuildFile; fileRef = C62B90FB2AEEFC6A0085300B /* UndoManager.h */; settings = {ATTRIBUTES = (CodeSignOnCopy, ); }; };
		C699229E2AF7AB6C0099AEC0 /* URI.h in Copy Headers */ = {isa = PBXBuildFile; fileRef = C62B90F92AEEFC6A0085300B /* URI.h */; settings = {ATTRIBUTES = (CodeSignOnCopy, ); }; };
		C699229F2AF7AB6C0099AEC0 /* Vector.h in Copy Headers */ = {isa = PBXBuildFile; fileRef = C62B910B2AEEFC6A0085300B /* Vector.h */; settings = {ATTRIBUTES = (CodeSignOnCopy, ); }; };
		C69922A02AF7AB6C0099AEC0 /* Vertex2.h in Copy Headers */ = {isa = PBXBuildFile; fileRef = C62B910A2AEEFC6A0085300B /* Vertex2.h */; settings = {ATTRIBUTES = (CodeSignOnCopy, ); }; };
		C69922A12AF7AB6C0099AEC0 /* Vertex3.h in Copy Headers */ = {isa = PBXBuildFile; fileRef = C62B90DC2AEEFC690085300B /* Vertex3.h */; settings = {ATTRIBUTES = (CodeSignOnCopy, ); }; };
		C69922A22AF7AB6C0099AEC0 /* XMLWriter.h in Copy Headers */ = {isa = PBXBuildFile; fileRef = C62B90D72AEEFC690085300B /* XMLWriter.h */; settings = {ATTRIBUTES = (CodeSignOnCopy, ); }; };
		C69922A32AF7AB6C0099AEC0 /* ZipFile.h in Copy Headers */ = {isa = PBXBuildFile; fileRef = C62B90F52AEEFC6A0085300B /* ZipFile.h */; settings = {ATTRIBUTES = (CodeSignOnCopy, ); }; };
		C69922A42AF7AB6C0099AEC0 /* MacBindings.h in Copy Headers */ = {isa = PBXBuildFile; fileRef = C62B91A22AEF08500085300B /* MacBindings.h */; settings = {ATTRIBUTES = (CodeSignOnCopy, ); }; };
		C69922A52AF7AB6C0099AEC0 /* MacInterface.h in Copy Headers */ = {isa = PBXBuildFile; fileRef = C62B91A32AEF09FF0085300B /* MacInterface.h */; settings = {ATTRIBUTES = (CodeSignOnCopy, ); }; };
		C6F0F51D2AF63BED005BA06F /* EditableObjectTest.cpp in Sources */ = {isa = PBXBuildFile; fileRef = C6F0F51B2AF63BED005BA06F /* EditableObjectTest.cpp */; };
/* End PBXBuildFile section */

/* Begin PBXContainerItemProxy section */
		C699226B2AF7AAFB0099AEC0 /* PBXContainerItemProxy */ = {
			isa = PBXContainerItemProxy;
			containerPortal = C62B90312AEEFBEB0085300B /* Project object */;
			proxyType = 1;
			remoteGlobalIDString = C69922202AF7AA2C0099AEC0;
			remoteInfo = JameoCore;
		};
/* End PBXContainerItemProxy section */

/* Begin PBXCopyFilesBuildPhase section */
		C637FA9D2AF7E67700002ADC /* Copy Translations */ = {
			isa = PBXCopyFilesBuildPhase;
			buildActionMask = 2147483647;
			dstPath = translations;
			dstSubfolderSpec = 7;
			files = (
				C637FA9E2AF7E68A00002ADC /* de_DE.mo in Copy Translations */,
			);
			name = "Copy Translations";
			runOnlyForDeploymentPostprocessing = 0;
		};
		C699226D2AF7AB420099AEC0 /* Copy Headers */ = {
			isa = PBXCopyFilesBuildPhase;
			buildActionMask = 2147483647;
			dstPath = Versions/A/Headers/core;
			dstSubfolderSpec = 1;
			files = (
				C699226E2AF7AB6C0099AEC0 /* Array.h in Copy Headers */,
				C699226F2AF7AB6C0099AEC0 /* AutoreleasePool.h in Copy Headers */,
				C69922702AF7AB6C0099AEC0 /* Base64.h in Copy Headers */,
				C69922712AF7AB6C0099AEC0 /* CharArray.h in Copy Headers */,
				C69922722AF7AB6C0099AEC0 /* Charset.h in Copy Headers */,
				C69922732AF7AB6C0099AEC0 /* Colour.h in Copy Headers */,
				C69922742AF7AB6C0099AEC0 /* Core.h in Copy Headers */,
				C69922752AF7AB6C0099AEC0 /* CRC.h in Copy Headers */,
				C69922762AF7AB6C0099AEC0 /* Date.h in Copy Headers */,
				C69922772AF7AB6C0099AEC0 /* Deflater.h in Copy Headers */,
				C69922782AF7AB6C0099AEC0 /* Diff.h in Copy Headers */,
				C69922792AF7AB6C0099AEC0 /* DiffBacktrace.h in Copy Headers */,
				C699227A2AF7AB6C0099AEC0 /* DiffDiag.h in Copy Headers */,
				C699227B2AF7AB6C0099AEC0 /* DiffDistance.h in Copy Headers */,
				C699227C2AF7AB6C0099AEC0 /* DiffInfo.h in Copy Headers */,
				C699227D2AF7AB6C0099AEC0 /* DiffTypes.h in Copy Headers */,
				C699227E2AF7AB6C0099AEC0 /* Document.h in Copy Headers */,
				C699227F2AF7AB6C0099AEC0 /* Exception.h in Copy Headers */,
				C69922802AF7AB6C0099AEC0 /* File.h in Copy Headers */,
				C69922812AF7AB6C0099AEC0 /* Geometry.h in Copy Headers */,
				C69922822AF7AB6C0099AEC0 /* Hashtable.h in Copy Headers */,
				C69922832AF7AB6C0099AEC0 /* I18nBundle.h in Copy Headers */,
				C69922842AF7AB6C0099AEC0 /* Inflater.h in Copy Headers */,
				C69922852AF7AB6C0099AEC0 /* Integer.h in Copy Headers */,
				C69922862AF7AB6C0099AEC0 /* Iterator.h in Copy Headers */,
				C69922872AF7AB6C0099AEC0 /* LinkedList.h in Copy Headers */,
				C69922882AF7AB6C0099AEC0 /* Math.h in Copy Headers */,
				C69922892AF7AB6C0099AEC0 /* Matrix.h in Copy Headers */,
				C699228A2AF7AB6C0099AEC0 /* MemoryStream.h in Copy Headers */,
				C699228B2AF7AB6C0099AEC0 /* Mutex.h in Copy Headers */,
				C699228C2AF7AB6C0099AEC0 /* Nurbs.h in Copy Headers */,
				C699228D2AF7AB6C0099AEC0 /* Object.h in Copy Headers */,
				C699228E2AF7AB6C0099AEC0 /* PaintingBackend.h in Copy Headers */,
				C699228F2AF7AB6C0099AEC0 /* Preferences.h in Copy Headers */,
				C69922902AF7AB6C0099AEC0 /* Property.h in Copy Headers */,
				C69922912AF7AB6C0099AEC0 /* SAXParser.h in Copy Headers */,
				C69922922AF7AB6C0099AEC0 /* Serializer.h in Copy Headers */,
				C69922932AF7AB6C0099AEC0 /* Stack.h in Copy Headers */,
				C69922942AF7AB6C0099AEC0 /* Stream.h in Copy Headers */,
				C69922952AF7AB6C0099AEC0 /* String.h in Copy Headers */,
				C69922962AF7AB6C0099AEC0 /* StringTokenizer.h in Copy Headers */,
				C69922972AF7AB6C0099AEC0 /* System.h in Copy Headers */,
				C69922982AF7AB6C0099AEC0 /* Test.h in Copy Headers */,
				C69922992AF7AB6C0099AEC0 /* Thread.h in Copy Headers */,
				C699229A2AF7AB6C0099AEC0 /* Transform.h in Copy Headers */,
				C699229B2AF7AB6C0099AEC0 /* Types.h in Copy Headers */,
				C699229C2AF7AB6C0099AEC0 /* UndoData.h in Copy Headers */,
				C699229D2AF7AB6C0099AEC0 /* UndoManager.h in Copy Headers */,
				C699229E2AF7AB6C0099AEC0 /* URI.h in Copy Headers */,
				C699229F2AF7AB6C0099AEC0 /* Vector.h in Copy Headers */,
				C69922A02AF7AB6C0099AEC0 /* Vertex2.h in Copy Headers */,
				C69922A12AF7AB6C0099AEC0 /* Vertex3.h in Copy Headers */,
				C69922A22AF7AB6C0099AEC0 /* XMLWriter.h in Copy Headers */,
				C69922A32AF7AB6C0099AEC0 /* ZipFile.h in Copy Headers */,
				C69922A42AF7AB6C0099AEC0 /* MacBindings.h in Copy Headers */,
				C69922A52AF7AB6C0099AEC0 /* MacInterface.h in Copy Headers */,
			);
			name = "Copy Headers";
			runOnlyForDeploymentPostprocessing = 0;
		};
/* End PBXCopyFilesBuildPhase section */

/* Begin PBXFileReference section */
		C62B90452AEEFC2F0085300B /* Main.cpp */ = {isa = PBXFileReference; fileEncoding = 4; lastKnownFileType = sourcecode.cpp.cpp; name = Main.cpp; path = test/Main.cpp; sourceTree = "<group>"; };
		C62B90472AEEFC3C0085300B /* HashtableTest.cpp */ = {isa = PBXFileReference; lastKnownFileType = sourcecode.cpp.cpp; name = HashtableTest.cpp; path = test/core/HashtableTest.cpp; sourceTree = "<group>"; };
		C62B90482AEEFC3C0085300B /* UndoManagerTest.h */ = {isa = PBXFileReference; lastKnownFileType = sourcecode.c.h; name = UndoManagerTest.h; path = test/core/UndoManagerTest.h; sourceTree = "<group>"; };
		C62B90492AEEFC3C0085300B /* DateTest.h */ = {isa = PBXFileReference; lastKnownFileType = sourcecode.c.h; name = DateTest.h; path = test/core/DateTest.h; sourceTree = "<group>"; };
		C62B904A2AEEFC3C0085300B /* VertexTest.h */ = {isa = PBXFileReference; lastKnownFileType = sourcecode.c.h; name = VertexTest.h; path = test/core/VertexTest.h; sourceTree = "<group>"; };
		C62B904B2AEEFC3C0085300B /* MatrixTest.h */ = {isa = PBXFileReference; lastKnownFileType = sourcecode.c.h; name = MatrixTest.h; path = test/core/MatrixTest.h; sourceTree = "<group>"; };
		C62B904C2AEEFC3C0085300B /* StringTest.cpp */ = {isa = PBXFileReference; lastKnownFileType = sourcecode.cpp.cpp; name = StringTest.cpp; path = test/core/StringTest.cpp; sourceTree = "<group>"; };
		C62B904D2AEEFC3C0085300B /* StringTest.h */ = {isa = PBXFileReference; lastKnownFileType = sourcecode.c.h; name = StringTest.h; path = test/core/StringTest.h; sourceTree = "<group>"; };
		C62B904E2AEEFC3C0085300B /* GeometryTest.h */ = {isa = PBXFileReference; lastKnownFileType = sourcecode.c.h; name = GeometryTest.h; path = test/core/GeometryTest.h; sourceTree = "<group>"; };
		C62B904F2AEEFC3C0085300B /* StringTokenizerTest.h */ = {isa = PBXFileReference; lastKnownFileType = sourcecode.c.h; name = StringTokenizerTest.h; path = test/core/StringTokenizerTest.h; sourceTree = "<group>"; };
		C62B90502AEEFC3C0085300B /* LinkedListTest.h */ = {isa = PBXFileReference; lastKnownFileType = sourcecode.c.h; name = LinkedListTest.h; path = test/core/LinkedListTest.h; sourceTree = "<group>"; };
		C62B90512AEEFC3C0085300B /* HashtableTest.h */ = {isa = PBXFileReference; lastKnownFileType = sourcecode.c.h; name = HashtableTest.h; path = test/core/HashtableTest.h; sourceTree = "<group>"; };
		C62B90522AEEFC3C0085300B /* MathTest.h */ = {isa = PBXFileReference; lastKnownFileType = sourcecode.c.h; name = MathTest.h; path = test/core/MathTest.h; sourceTree = "<group>"; };
		C62B90532AEEFC3C0085300B /* UndoManagerTest.cpp */ = {isa = PBXFileReference; lastKnownFileType = sourcecode.cpp.cpp; name = UndoManagerTest.cpp; path = test/core/UndoManagerTest.cpp; sourceTree = "<group>"; };
		C62B90542AEEFC3C0085300B /* DateTest.cpp */ = {isa = PBXFileReference; lastKnownFileType = sourcecode.cpp.cpp; name = DateTest.cpp; path = test/core/DateTest.cpp; sourceTree = "<group>"; };
		C62B90552AEEFC3C0085300B /* LinkedListTest.cpp */ = {isa = PBXFileReference; lastKnownFileType = sourcecode.cpp.cpp; name = LinkedListTest.cpp; path = test/core/LinkedListTest.cpp; sourceTree = "<group>"; };
		C62B90562AEEFC3C0085300B /* DeflateTest.h */ = {isa = PBXFileReference; lastKnownFileType = sourcecode.c.h; name = DeflateTest.h; path = test/core/DeflateTest.h; sourceTree = "<group>"; };
		C62B90572AEEFC3C0085300B /* GeometryTest.cpp */ = {isa = PBXFileReference; lastKnownFileType = sourcecode.cpp.cpp; name = GeometryTest.cpp; path = test/core/GeometryTest.cpp; sourceTree = "<group>"; };
		C62B90582AEEFC3C0085300B /* VertexTest.cpp */ = {isa = PBXFileReference; lastKnownFileType = sourcecode.cpp.cpp; name = VertexTest.cpp; path = test/core/VertexTest.cpp; sourceTree = "<group>"; };
		C62B90592AEEFC3C0085300B /* MathTest.cpp */ = {isa = PBXFileReference; lastKnownFileType = sourcecode.cpp.cpp; name = MathTest.cpp; path = test/core/MathTest.cpp; sourceTree = "<group>"; };
		C62B905A2AEEFC3C0085300B /* MatrixTest.cpp */ = {isa = PBXFileReference; lastKnownFileType = sourcecode.cpp.cpp; name = MatrixTest.cpp; path = test/core/MatrixTest.cpp; sourceTree = "<group>"; };
		C62B905B2AEEFC3C0085300B /* StringTokenizerTest.cpp */ = {isa = PBXFileReference; lastKnownFileType = sourcecode.cpp.cpp; name = StringTokenizerTest.cpp; path = test/core/StringTokenizerTest.cpp; sourceTree = "<group>"; };
		C62B905C2AEEFC3C0085300B /* DeflateTest.cpp */ = {isa = PBXFileReference; lastKnownFileType = sourcecode.cpp.cpp; name = DeflateTest.cpp; path = test/core/DeflateTest.cpp; sourceTree = "<group>"; };
		C62B905E2AEEFC550085300B /* Test.cpp */ = {isa = PBXFileReference; fileEncoding = 4; lastKnownFileType = sourcecode.cpp.cpp; name = Test.cpp; path = src/core/Test.cpp; sourceTree = "<group>"; };
		C62B905F2AEEFC550085300B /* DiffDistance.cpp */ = {isa = PBXFileReference; fileEncoding = 4; lastKnownFileType = sourcecode.cpp.cpp; name = DiffDistance.cpp; path = src/core/DiffDistance.cpp; sourceTree = "<group>"; };
		C62B90602AEEFC550085300B /* URI.cpp */ = {isa = PBXFileReference; fileEncoding = 4; lastKnownFileType = sourcecode.cpp.cpp; name = URI.cpp; path = src/core/URI.cpp; sourceTree = "<group>"; };
		C62B90612AEEFC550085300B /* Matrix.cpp */ = {isa = PBXFileReference; fileEncoding = 4; lastKnownFileType = sourcecode.cpp.cpp; name = Matrix.cpp; path = src/core/Matrix.cpp; sourceTree = "<group>"; };
		C62B90622AEEFC550085300B /* CharsetDecoder.cpp */ = {isa = PBXFileReference; fileEncoding = 4; lastKnownFileType = sourcecode.cpp.cpp; name = CharsetDecoder.cpp; path = src/core/CharsetDecoder.cpp; sourceTree = "<group>"; };
		C62B90632AEEFC550085300B /* Mutex.cpp */ = {isa = PBXFileReference; fileEncoding = 4; lastKnownFileType = sourcecode.cpp.cpp; name = Mutex.cpp; path = src/core/Mutex.cpp; sourceTree = "<group>"; };
		C62B90642AEEFC550085300B /* Preferences.cpp */ = {isa = PBXFileReference; fileEncoding = 4; lastKnownFileType = sourcecode.cpp.cpp; name = Preferences.cpp; path = src/core/Preferences.cpp; sourceTree = "<group>"; };
		C62B90652AEEFC550085300B /* Vertex3.cpp */ = {isa = PBXFileReference; fileEncoding = 4; lastKnownFileType = sourcecode.cpp.cpp; name = Vertex3.cpp; path = src/core/Vertex3.cpp; sourceTree = "<group>"; };
		C62B90662AEEFC550085300B /* Math.cpp */ = {isa = PBXFileReference; fileEncoding = 4; lastKnownFileType = sourcecode.cpp.cpp; name = Math.cpp; path = src/core/Math.cpp; sourceTree = "<group>"; };
		C62B90672AEEFC550085300B /* Serializer.cpp */ = {isa = PBXFileReference; fileEncoding = 4; lastKnownFileType = sourcecode.cpp.cpp; name = Serializer.cpp; path = src/core/Serializer.cpp; sourceTree = "<group>"; };
		C62B90682AEEFC550085300B /* SAXParser.cpp */ = {isa = PBXFileReference; fileEncoding = 4; lastKnownFileType = sourcecode.cpp.cpp; name = SAXParser.cpp; path = src/core/SAXParser.cpp; sourceTree = "<group>"; };
		C62B90692AEEFC550085300B /* LinkedList.cpp */ = {isa = PBXFileReference; fileEncoding = 4; lastKnownFileType = sourcecode.cpp.cpp; name = LinkedList.cpp; path = src/core/LinkedList.cpp; sourceTree = "<group>"; };
		C62B906A2AEEFC550085300B /* UndoManager.cpp */ = {isa = PBXFileReference; fileEncoding = 4; lastKnownFileType = sourcecode.cpp.cpp; name = UndoManager.cpp; path = src/core/UndoManager.cpp; sourceTree = "<group>"; };
		C62B906B2AEEFC550085300B /* UndoStep.cpp */ = {isa = PBXFileReference; fileEncoding = 4; lastKnownFileType = sourcecode.cpp.cpp; name = UndoStep.cpp; path = src/core/UndoStep.cpp; sourceTree = "<group>"; };
		C62B906C2AEEFC550085300B /* UTF16Decoder.cpp */ = {isa = PBXFileReference; fileEncoding = 4; lastKnownFileType = sourcecode.cpp.cpp; name = UTF16Decoder.cpp; path = src/core/UTF16Decoder.cpp; sourceTree = "<group>"; };
		C62B906D2AEEFC550085300B /* DiffDiag.cpp */ = {isa = PBXFileReference; fileEncoding = 4; lastKnownFileType = sourcecode.cpp.cpp; name = DiffDiag.cpp; path = src/core/DiffDiag.cpp; sourceTree = "<group>"; };
		C62B906E2AEEFC550085300B /* CRC.cpp */ = {isa = PBXFileReference; fileEncoding = 4; lastKnownFileType = sourcecode.cpp.cpp; name = CRC.cpp; path = src/core/CRC.cpp; sourceTree = "<group>"; };
		C62B906F2AEEFC550085300B /* XMLWriter.cpp */ = {isa = PBXFileReference; fileEncoding = 4; lastKnownFileType = sourcecode.cpp.cpp; name = XMLWriter.cpp; path = src/core/XMLWriter.cpp; sourceTree = "<group>"; };
		C62B90702AEEFC550085300B /* ZipFile.cpp */ = {isa = PBXFileReference; fileEncoding = 4; lastKnownFileType = sourcecode.cpp.cpp; name = ZipFile.cpp; path = src/core/ZipFile.cpp; sourceTree = "<group>"; };
		C62B90712AEEFC550085300B /* DiffBacktrace.cpp */ = {isa = PBXFileReference; fileEncoding = 4; lastKnownFileType = sourcecode.cpp.cpp; name = DiffBacktrace.cpp; path = src/core/DiffBacktrace.cpp; sourceTree = "<group>"; };
		C62B90722AEEFC550085300B /* UndoChange.cpp */ = {isa = PBXFileReference; fileEncoding = 4; lastKnownFileType = sourcecode.cpp.cpp; name = UndoChange.cpp; path = src/core/UndoChange.cpp; sourceTree = "<group>"; };
		C62B90732AEEFC550085300B /* Object.cpp */ = {isa = PBXFileReference; fileEncoding = 4; lastKnownFileType = sourcecode.cpp.cpp; name = Object.cpp; path = src/core/Object.cpp; sourceTree = "<group>"; };
		C62B90742AEEFC550085300B /* NURBS.cpp */ = {isa = PBXFileReference; fileEncoding = 4; lastKnownFileType = sourcecode.cpp.cpp; name = NURBS.cpp; path = src/core/NURBS.cpp; sourceTree = "<group>"; };
		C62B90752AEEFC550085300B /* MemoryStream.cpp */ = {isa = PBXFileReference; fileEncoding = 4; lastKnownFileType = sourcecode.cpp.cpp; name = MemoryStream.cpp; path = src/core/MemoryStream.cpp; sourceTree = "<group>"; };
		C62B90762AEEFC550085300B /* Property.cpp */ = {isa = PBXFileReference; fileEncoding = 4; lastKnownFileType = sourcecode.cpp.cpp; name = Property.cpp; path = src/core/Property.cpp; sourceTree = "<group>"; };
		C62B90772AEEFC550085300B /* Windows1252Decoder.cpp */ = {isa = PBXFileReference; fileEncoding = 4; lastKnownFileType = sourcecode.cpp.cpp; name = Windows1252Decoder.cpp; path = src/core/Windows1252Decoder.cpp; sourceTree = "<group>"; };
		C62B90782AEEFC550085300B /* UTF8Decoder.cpp */ = {isa = PBXFileReference; fileEncoding = 4; lastKnownFileType = sourcecode.cpp.cpp; name = UTF8Decoder.cpp; path = src/core/UTF8Decoder.cpp; sourceTree = "<group>"; };
		C62B90792AEEFC550085300B /* DiffInfo.cpp */ = {isa = PBXFileReference; fileEncoding = 4; lastKnownFileType = sourcecode.cpp.cpp; name = DiffInfo.cpp; path = src/core/DiffInfo.cpp; sourceTree = "<group>"; };
		C62B907A2AEEFC550085300B /* Inflater.cpp */ = {isa = PBXFileReference; fileEncoding = 4; lastKnownFileType = sourcecode.cpp.cpp; name = Inflater.cpp; path = src/core/Inflater.cpp; sourceTree = "<group>"; };
		C62B907B2AEEFC550085300B /* SAXAttributes.cpp */ = {isa = PBXFileReference; fileEncoding = 4; lastKnownFileType = sourcecode.cpp.cpp; name = SAXAttributes.cpp; path = src/core/SAXAttributes.cpp; sourceTree = "<group>"; };
		C62B907C2AEEFC550085300B /* I18nBundle.cpp */ = {isa = PBXFileReference; fileEncoding = 4; lastKnownFileType = sourcecode.cpp.cpp; name = I18nBundle.cpp; path = src/core/I18nBundle.cpp; sourceTree = "<group>"; };
		C62B907D2AEEFC550085300B /* AutoreleasePool.cpp */ = {isa = PBXFileReference; fileEncoding = 4; lastKnownFileType = sourcecode.cpp.cpp; name = AutoreleasePool.cpp; path = src/core/AutoreleasePool.cpp; sourceTree = "<group>"; };
		C62B907E2AEEFC550085300B /* Vertex2.cpp */ = {isa = PBXFileReference; fileEncoding = 4; lastKnownFileType = sourcecode.cpp.cpp; name = Vertex2.cpp; path = src/core/Vertex2.cpp; sourceTree = "<group>"; };
		C62B907F2AEEFC550085300B /* Thread.cpp */ = {isa = PBXFileReference; fileEncoding = 4; lastKnownFileType = sourcecode.cpp.cpp; name = Thread.cpp; path = src/core/Thread.cpp; sourceTree = "<group>"; };
		C62B90802AEEFC550085300B /* Hashtable.cpp */ = {isa = PBXFileReference; fileEncoding = 4; lastKnownFileType = sourcecode.cpp.cpp; name = Hashtable.cpp; path = src/core/Hashtable.cpp; sourceTree = "<group>"; };
		C62B90812AEEFC550085300B /* Stream.cpp */ = {isa = PBXFileReference; fileEncoding = 4; lastKnownFileType = sourcecode.cpp.cpp; name = Stream.cpp; path = src/core/Stream.cpp; sourceTree = "<group>"; };
		C62B90822AEEFC550085300B /* Transform.cpp */ = {isa = PBXFileReference; fileEncoding = 4; lastKnownFileType = sourcecode.cpp.cpp; name = Transform.cpp; path = src/core/Transform.cpp; sourceTree = "<group>"; };
		C62B90832AEEFC550085300B /* Extents.cpp */ = {isa = PBXFileReference; fileEncoding = 4; lastKnownFileType = sourcecode.cpp.cpp; name = Extents.cpp; path = src/core/Extents.cpp; sourceTree = "<group>"; };
		C62B90842AEEFC550085300B /* Vector.cpp */ = {isa = PBXFileReference; fileEncoding = 4; lastKnownFileType = sourcecode.cpp.cpp; name = Vector.cpp; path = src/core/Vector.cpp; sourceTree = "<group>"; };
		C62B90852AEEFC550085300B /* Document.cpp */ = {isa = PBXFileReference; fileEncoding = 4; lastKnownFileType = sourcecode.cpp.cpp; name = Document.cpp; path = src/core/Document.cpp; sourceTree = "<group>"; };
		C62B90862AEEFC550085300B /* Exception.cpp */ = {isa = PBXFileReference; fileEncoding = 4; lastKnownFileType = sourcecode.cpp.cpp; name = Exception.cpp; path = src/core/Exception.cpp; sourceTree = "<group>"; };
		C62B90872AEEFC550085300B /* PaintingBackend.cpp */ = {isa = PBXFileReference; fileEncoding = 4; lastKnownFileType = sourcecode.cpp.cpp; name = PaintingBackend.cpp; path = src/core/PaintingBackend.cpp; sourceTree = "<group>"; };
		C62B90882AEEFC550085300B /* Integer.cpp */ = {isa = PBXFileReference; fileEncoding = 4; lastKnownFileType = sourcecode.cpp.cpp; name = Integer.cpp; path = src/core/Integer.cpp; sourceTree = "<group>"; };
		C62B90892AEEFC550085300B /* Iterator.cpp */ = {isa = PBXFileReference; fileEncoding = 4; lastKnownFileType = sourcecode.cpp.cpp; name = Iterator.cpp; path = src/core/Iterator.cpp; sourceTree = "<group>"; };
		C62B908A2AEEFC550085300B /* Deflater.cpp */ = {isa = PBXFileReference; fileEncoding = 4; lastKnownFileType = sourcecode.cpp.cpp; name = Deflater.cpp; path = src/core/Deflater.cpp; sourceTree = "<group>"; };
		C62B908B2AEEFC550085300B /* Character.cpp */ = {isa = PBXFileReference; fileEncoding = 4; lastKnownFileType = sourcecode.cpp.cpp; name = Character.cpp; path = src/core/Character.cpp; sourceTree = "<group>"; };
		C62B908C2AEEFC550085300B /* System.cpp */ = {isa = PBXFileReference; fileEncoding = 4; lastKnownFileType = sourcecode.cpp.cpp; name = System.cpp; path = src/core/System.cpp; sourceTree = "<group>"; };
		C62B908D2AEEFC550085300B /* Date.cpp */ = {isa = PBXFileReference; fileEncoding = 4; lastKnownFileType = sourcecode.cpp.cpp; name = Date.cpp; path = src/core/Date.cpp; sourceTree = "<group>"; };
		C62B908E2AEEFC550085300B /* Geometry.cpp */ = {isa = PBXFileReference; fileEncoding = 4; lastKnownFileType = sourcecode.cpp.cpp; name = Geometry.cpp; path = src/core/Geometry.cpp; sourceTree = "<group>"; };
		C62B908F2AEEFC550085300B /* String.cpp */ = {isa = PBXFileReference; fileEncoding = 4; lastKnownFileType = sourcecode.cpp.cpp; name = String.cpp; path = src/core/String.cpp; sourceTree = "<group>"; };
		C62B90902AEEFC550085300B /* Charset.cpp */ = {isa = PBXFileReference; fileEncoding = 4; lastKnownFileType = sourcecode.cpp.cpp; name = Charset.cpp; path = src/core/Charset.cpp; sourceTree = "<group>"; };
		C62B90912AEEFC550085300B /* StringTokenizer.cpp */ = {isa = PBXFileReference; fileEncoding = 4; lastKnownFileType = sourcecode.cpp.cpp; name = StringTokenizer.cpp; path = src/core/StringTokenizer.cpp; sourceTree = "<group>"; };
		C62B90922AEEFC550085300B /* File.cpp */ = {isa = PBXFileReference; fileEncoding = 4; lastKnownFileType = sourcecode.cpp.cpp; name = File.cpp; path = src/core/File.cpp; sourceTree = "<group>"; };
		C62B90932AEEFC550085300B /* Colour.cpp */ = {isa = PBXFileReference; fileEncoding = 4; lastKnownFileType = sourcecode.cpp.cpp; name = Colour.cpp; path = src/core/Colour.cpp; sourceTree = "<group>"; };
		C62B90942AEEFC550085300B /* ZipOutputFile.cpp */ = {isa = PBXFileReference; fileEncoding = 4; lastKnownFileType = sourcecode.cpp.cpp; name = ZipOutputFile.cpp; path = src/core/ZipOutputFile.cpp; sourceTree = "<group>"; };
		C62B90952AEEFC550085300B /* MacRomanDecoder.cpp */ = {isa = PBXFileReference; fileEncoding = 4; lastKnownFileType = sourcecode.cpp.cpp; name = MacRomanDecoder.cpp; path = src/core/MacRomanDecoder.cpp; sourceTree = "<group>"; };
		C62B90962AEEFC550085300B /* Base64.cpp */ = {isa = PBXFileReference; fileEncoding = 4; lastKnownFileType = sourcecode.cpp.cpp; name = Base64.cpp; path = src/core/Base64.cpp; sourceTree = "<group>"; };
		C62B90972AEEFC550085300B /* Diff.cpp */ = {isa = PBXFileReference; fileEncoding = 4; lastKnownFileType = sourcecode.cpp.cpp; name = Diff.cpp; path = src/core/Diff.cpp; sourceTree = "<group>"; };
		C62B90982AEEFC550085300B /* DateFormatter.cpp */ = {isa = PBXFileReference; fileEncoding = 4; lastKnownFileType = sourcecode.cpp.cpp; name = DateFormatter.cpp; path = src/core/DateFormatter.cpp; sourceTree = "<group>"; };
		C62B90992AEEFC550085300B /* TestVector.cpp */ = {isa = PBXFileReference; fileEncoding = 4; lastKnownFileType = sourcecode.cpp.cpp; name = TestVector.cpp; path = src/core/TestVector.cpp; sourceTree = "<group>"; };
		C62B90D72AEEFC690085300B /* XMLWriter.h */ = {isa = PBXFileReference; fileEncoding = 4; lastKnownFileType = sourcecode.c.h; name = XMLWriter.h; path = include/core/XMLWriter.h; sourceTree = SOURCE_ROOT; };
		C62B90D82AEEFC690085300B /* Math.h */ = {isa = PBXFileReference; fileEncoding = 4; lastKnownFileType = sourcecode.c.h; name = Math.h; path = include/core/Math.h; sourceTree = SOURCE_ROOT; };
		C62B90D92AEEFC690085300B /* Mutex.h */ = {isa = PBXFileReference; fileEncoding = 4; lastKnownFileType = sourcecode.c.h; name = Mutex.h; path = include/core/Mutex.h; sourceTree = SOURCE_ROOT; };
		C62B90DA2AEEFC690085300B /* File.h */ = {isa = PBXFileReference; fileEncoding = 4; lastKnownFileType = sourcecode.c.h; name = File.h; path = include/core/File.h; sourceTree = SOURCE_ROOT; };
		C62B90DB2AEEFC690085300B /* Diff.h */ = {isa = PBXFileReference; fileEncoding = 4; lastKnownFileType = sourcecode.c.h; name = Diff.h; path = include/core/Diff.h; sourceTree = SOURCE_ROOT; };
		C62B90DC2AEEFC690085300B /* Vertex3.h */ = {isa = PBXFileReference; fileEncoding = 4; lastKnownFileType = sourcecode.c.h; name = Vertex3.h; path = include/core/Vertex3.h; sourceTree = SOURCE_ROOT; };
		C62B90DD2AEEFC6A0085300B /* Base64.h */ = {isa = PBXFileReference; fileEncoding = 4; lastKnownFileType = sourcecode.c.h; name = Base64.h; path = include/core/Base64.h; sourceTree = SOURCE_ROOT; };
		C62B90DE2AEEFC6A0085300B /* DiffDiag.h */ = {isa = PBXFileReference; fileEncoding = 4; lastKnownFileType = sourcecode.c.h; name = DiffDiag.h; path = include/core/DiffDiag.h; sourceTree = SOURCE_ROOT; };
		C62B90DF2AEEFC6A0085300B /* Document.h */ = {isa = PBXFileReference; fileEncoding = 4; lastKnownFileType = sourcecode.c.h; name = Document.h; path = include/core/Document.h; sourceTree = SOURCE_ROOT; };
		C62B90E02AEEFC6A0085300B /* DiffDistance.h */ = {isa = PBXFileReference; fileEncoding = 4; lastKnownFileType = sourcecode.c.h; name = DiffDistance.h; path = include/core/DiffDistance.h; sourceTree = SOURCE_ROOT; };
		C62B90E12AEEFC6A0085300B /* System.h */ = {isa = PBXFileReference; fileEncoding = 4; lastKnownFileType = sourcecode.c.h; name = System.h; path = include/core/System.h; sourceTree = SOURCE_ROOT; };
		C62B90E22AEEFC6A0085300B /* CharArray.h */ = {isa = PBXFileReference; fileEncoding = 4; lastKnownFileType = sourcecode.c.h; name = CharArray.h; path = include/core/CharArray.h; sourceTree = SOURCE_ROOT; };
		C62B90E32AEEFC6A0085300B /* DiffInfo.h */ = {isa = PBXFileReference; fileEncoding = 4; lastKnownFileType = sourcecode.c.h; name = DiffInfo.h; path = include/core/DiffInfo.h; sourceTree = SOURCE_ROOT; };
		C62B90E42AEEFC6A0085300B /* Matrix.h */ = {isa = PBXFileReference; fileEncoding = 4; lastKnownFileType = sourcecode.c.h; name = Matrix.h; path = include/core/Matrix.h; sourceTree = SOURCE_ROOT; };
		C62B90E52AEEFC6A0085300B /* Stream.h */ = {isa = PBXFileReference; fileEncoding = 4; lastKnownFileType = sourcecode.c.h; name = Stream.h; path = include/core/Stream.h; sourceTree = SOURCE_ROOT; };
		C62B90E62AEEFC6A0085300B /* AutoreleasePool.h */ = {isa = PBXFileReference; fileEncoding = 4; lastKnownFileType = sourcecode.c.h; name = AutoreleasePool.h; path = include/core/AutoreleasePool.h; sourceTree = SOURCE_ROOT; };
		C62B90E72AEEFC6A0085300B /* LinkedList.h */ = {isa = PBXFileReference; fileEncoding = 4; lastKnownFileType = sourcecode.c.h; name = LinkedList.h; path = include/core/LinkedList.h; sourceTree = SOURCE_ROOT; };
		C62B90E82AEEFC6A0085300B /* Core.h */ = {isa = PBXFileReference; fileEncoding = 4; lastKnownFileType = sourcecode.c.h; name = Core.h; path = include/core/Core.h; sourceTree = SOURCE_ROOT; };
		C62B90E92AEEFC6A0085300B /* Object.h */ = {isa = PBXFileReference; fileEncoding = 4; lastKnownFileType = sourcecode.c.h; name = Object.h; path = include/core/Object.h; sourceTree = SOURCE_ROOT; };
		C62B90EA2AEEFC6A0085300B /* StringTokenizer.h */ = {isa = PBXFileReference; fileEncoding = 4; lastKnownFileType = sourcecode.c.h; name = StringTokenizer.h; path = include/core/StringTokenizer.h; sourceTree = SOURCE_ROOT; };
		C62B90EB2AEEFC6A0085300B /* MemoryStream.h */ = {isa = PBXFileReference; fileEncoding = 4; lastKnownFileType = sourcecode.c.h; name = MemoryStream.h; path = include/core/MemoryStream.h; sourceTree = SOURCE_ROOT; };
		C62B90EC2AEEFC6A0085300B /* PaintingBackend.h */ = {isa = PBXFileReference; fileEncoding = 4; lastKnownFileType = sourcecode.c.h; name = PaintingBackend.h; path = include/core/PaintingBackend.h; sourceTree = SOURCE_ROOT; };
		C62B90ED2AEEFC6A0085300B /* Exception.h */ = {isa = PBXFileReference; fileEncoding = 4; lastKnownFileType = sourcecode.c.h; name = Exception.h; path = include/core/Exception.h; sourceTree = SOURCE_ROOT; };
		C62B90EE2AEEFC6A0085300B /* Serializer.h */ = {isa = PBXFileReference; fileEncoding = 4; lastKnownFileType = sourcecode.c.h; name = Serializer.h; path = include/core/Serializer.h; sourceTree = SOURCE_ROOT; };
		C62B90EF2AEEFC6A0085300B /* DiffBacktrace.h */ = {isa = PBXFileReference; fileEncoding = 4; lastKnownFileType = sourcecode.c.h; name = DiffBacktrace.h; path = include/core/DiffBacktrace.h; sourceTree = SOURCE_ROOT; };
		C62B90F02AEEFC6A0085300B /* Property.h */ = {isa = PBXFileReference; fileEncoding = 4; lastKnownFileType = sourcecode.c.h; name = Property.h; path = include/core/Property.h; sourceTree = SOURCE_ROOT; };
		C62B90F12AEEFC6A0085300B /* Charset.h */ = {isa = PBXFileReference; fileEncoding = 4; lastKnownFileType = sourcecode.c.h; name = Charset.h; path = include/core/Charset.h; sourceTree = SOURCE_ROOT; };
		C62B90F22AEEFC6A0085300B /* Transform.h */ = {isa = PBXFileReference; fileEncoding = 4; lastKnownFileType = sourcecode.c.h; name = Transform.h; path = include/core/Transform.h; sourceTree = SOURCE_ROOT; };
		C62B90F32AEEFC6A0085300B /* Preferences.h */ = {isa = PBXFileReference; fileEncoding = 4; lastKnownFileType = sourcecode.c.h; name = Preferences.h; path = include/core/Preferences.h; sourceTree = SOURCE_ROOT; };
		C62B90F42AEEFC6A0085300B /* Integer.h */ = {isa = PBXFileReference; fileEncoding = 4; lastKnownFileType = sourcecode.c.h; name = Integer.h; path = include/core/Integer.h; sourceTree = SOURCE_ROOT; };
		C62B90F52AEEFC6A0085300B /* ZipFile.h */ = {isa = PBXFileReference; fileEncoding = 4; lastKnownFileType = sourcecode.c.h; name = ZipFile.h; path = include/core/ZipFile.h; sourceTree = SOURCE_ROOT; };
		C62B90F62AEEFC6A0085300B /* String.h */ = {isa = PBXFileReference; fileEncoding = 4; lastKnownFileType = sourcecode.c.h; name = String.h; path = include/core/String.h; sourceTree = SOURCE_ROOT; };
		C62B90F72AEEFC6A0085300B /* Nurbs.h */ = {isa = PBXFileReference; fileEncoding = 4; lastKnownFileType = sourcecode.c.h; name = Nurbs.h; path = include/core/Nurbs.h; sourceTree = SOURCE_ROOT; };
		C62B90F82AEEFC6A0085300B /* I18nBundle.h */ = {isa = PBXFileReference; fileEncoding = 4; lastKnownFileType = sourcecode.c.h; name = I18nBundle.h; path = include/core/I18nBundle.h; sourceTree = SOURCE_ROOT; };
		C62B90F92AEEFC6A0085300B /* URI.h */ = {isa = PBXFileReference; fileEncoding = 4; lastKnownFileType = sourcecode.c.h; name = URI.h; path = include/core/URI.h; sourceTree = SOURCE_ROOT; };
		C62B90FA2AEEFC6A0085300B /* Iterator.h */ = {isa = PBXFileReference; fileEncoding = 4; lastKnownFileType = sourcecode.c.h; name = Iterator.h; path = include/core/Iterator.h; sourceTree = SOURCE_ROOT; };
		C62B90FB2AEEFC6A0085300B /* UndoManager.h */ = {isa = PBXFileReference; fileEncoding = 4; lastKnownFileType = sourcecode.c.h; name = UndoManager.h; path = include/core/UndoManager.h; sourceTree = SOURCE_ROOT; };
		C62B90FC2AEEFC6A0085300B /* Array.h */ = {isa = PBXFileReference; fileEncoding = 4; lastKnownFileType = sourcecode.c.h; name = Array.h; path = include/core/Array.h; sourceTree = SOURCE_ROOT; };
		C62B90FD2AEEFC6A0085300B /* Date.h */ = {isa = PBXFileReference; fileEncoding = 4; lastKnownFileType = sourcecode.c.h; name = Date.h; path = include/core/Date.h; sourceTree = SOURCE_ROOT; };
		C62B90FE2AEEFC6A0085300B /* Types.h */ = {isa = PBXFileReference; fileEncoding = 4; lastKnownFileType = sourcecode.c.h; name = Types.h; path = include/core/Types.h; sourceTree = SOURCE_ROOT; };
		C62B90FF2AEEFC6A0085300B /* UndoData.h */ = {isa = PBXFileReference; fileEncoding = 4; lastKnownFileType = sourcecode.c.h; name = UndoData.h; path = include/core/UndoData.h; sourceTree = SOURCE_ROOT; };
		C62B91002AEEFC6A0085300B /* Test.h */ = {isa = PBXFileReference; fileEncoding = 4; lastKnownFileType = sourcecode.c.h; name = Test.h; path = include/core/Test.h; sourceTree = SOURCE_ROOT; };
		C62B91012AEEFC6A0085300B /* SAXParser.h */ = {isa = PBXFileReference; fileEncoding = 4; lastKnownFileType = sourcecode.c.h; name = SAXParser.h; path = include/core/SAXParser.h; sourceTree = SOURCE_ROOT; };
		C62B91022AEEFC6A0085300B /* Geometry.h */ = {isa = PBXFileReference; fileEncoding = 4; lastKnownFileType = sourcecode.c.h; name = Geometry.h; path = include/core/Geometry.h; sourceTree = SOURCE_ROOT; };
		C62B91032AEEFC6A0085300B /* Colour.h */ = {isa = PBXFileReference; fileEncoding = 4; lastKnownFileType = sourcecode.c.h; name = Colour.h; path = include/core/Colour.h; sourceTree = SOURCE_ROOT; };
		C62B91042AEEFC6A0085300B /* Thread.h */ = {isa = PBXFileReference; fileEncoding = 4; lastKnownFileType = sourcecode.c.h; name = Thread.h; path = include/core/Thread.h; sourceTree = SOURCE_ROOT; };
		C62B91052AEEFC6A0085300B /* Hashtable.h */ = {isa = PBXFileReference; fileEncoding = 4; lastKnownFileType = sourcecode.c.h; name = Hashtable.h; path = include/core/Hashtable.h; sourceTree = SOURCE_ROOT; };
		C62B91062AEEFC6A0085300B /* CRC.h */ = {isa = PBXFileReference; fileEncoding = 4; lastKnownFileType = sourcecode.c.h; name = CRC.h; path = include/core/CRC.h; sourceTree = SOURCE_ROOT; };
		C62B91072AEEFC6A0085300B /* Stack.h */ = {isa = PBXFileReference; fileEncoding = 4; lastKnownFileType = sourcecode.c.h; name = Stack.h; path = include/core/Stack.h; sourceTree = SOURCE_ROOT; };
		C62B91082AEEFC6A0085300B /* Deflater.h */ = {isa = PBXFileReference; fileEncoding = 4; lastKnownFileType = sourcecode.c.h; name = Deflater.h; path = include/core/Deflater.h; sourceTree = SOURCE_ROOT; };
		C62B91092AEEFC6A0085300B /* DiffTypes.h */ = {isa = PBXFileReference; fileEncoding = 4; lastKnownFileType = sourcecode.c.h; name = DiffTypes.h; path = include/core/DiffTypes.h; sourceTree = SOURCE_ROOT; };
		C62B910A2AEEFC6A0085300B /* Vertex2.h */ = {isa = PBXFileReference; fileEncoding = 4; lastKnownFileType = sourcecode.c.h; name = Vertex2.h; path = include/core/Vertex2.h; sourceTree = SOURCE_ROOT; };
		C62B910B2AEEFC6A0085300B /* Vector.h */ = {isa = PBXFileReference; fileEncoding = 4; lastKnownFileType = sourcecode.c.h; name = Vector.h; path = include/core/Vector.h; sourceTree = SOURCE_ROOT; };
		C62B910C2AEEFC6A0085300B /* Inflater.h */ = {isa = PBXFileReference; fileEncoding = 4; lastKnownFileType = sourcecode.c.h; name = Inflater.h; path = include/core/Inflater.h; sourceTree = SOURCE_ROOT; };
		C62B91432AEEFC740085300B /* Precompiled.cpp */ = {isa = PBXFileReference; fileEncoding = 4; lastKnownFileType = sourcecode.cpp.cpp; name = Precompiled.cpp; path = prec/Precompiled.cpp; sourceTree = "<group>"; };
		C62B91442AEEFC740085300B /* Precompiled.h */ = {isa = PBXFileReference; fileEncoding = 4; lastKnownFileType = sourcecode.c.h; name = Precompiled.h; path = prec/Precompiled.h; sourceTree = "<group>"; };
		C62B914B2AEEFFFC0085300B /* CoreTest */ = {isa = PBXFileReference; explicitFileType = "compiled.mach-o.executable"; includeInIndex = 0; path = CoreTest; sourceTree = BUILT_PRODUCTS_DIR; };
		C62B919B2AEF006B0085300B /* CoreServices.framework */ = {isa = PBXFileReference; lastKnownFileType = wrapper.framework; name = CoreServices.framework; path = System/Library/Frameworks/CoreServices.framework; sourceTree = SDKROOT; };
		C62B919D2AEF008A0085300B /* libz.tbd */ = {isa = PBXFileReference; lastKnownFileType = "sourcecode.text-based-dylib-definition"; name = libz.tbd; path = usr/lib/libz.tbd; sourceTree = SDKROOT; };
		C62B919F2AEF03A30085300B /* MacBindings.mm */ = {isa = PBXFileReference; lastKnownFileType = sourcecode.cpp.objcpp; name = MacBindings.mm; path = src/core/MacBindings.mm; sourceTree = "<group>"; };
		C62B91A22AEF08500085300B /* MacBindings.h */ = {isa = PBXFileReference; lastKnownFileType = sourcecode.c.h; name = MacBindings.h; path = include/core/MacBindings.h; sourceTree = SOURCE_ROOT; };
		C62B91A32AEF09FF0085300B /* MacInterface.h */ = {isa = PBXFileReference; lastKnownFileType = sourcecode.c.h; name = MacInterface.h; path = include/core/MacInterface.h; sourceTree = SOURCE_ROOT; };
		C637FA9A2AF7DC8800002ADC /* de_DE.mo */ = {isa = PBXFileReference; lastKnownFileType = file; name = de_DE.mo; path = translations/de_DE.mo; sourceTree = "<group>"; };
		C637FA9B2AF7DC8800002ADC /* de_DE.po */ = {isa = PBXFileReference; fileEncoding = 4; lastKnownFileType = text; name = de_DE.po; path = translations/de_DE.po; sourceTree = "<group>"; };
		C64DDBFD2B768F01008ED3A4 /* ByteArray.cpp */ = {isa = PBXFileReference; fileEncoding = 4; lastKnownFileType = sourcecode.cpp.cpp; name = ByteArray.cpp; path = src/core/ByteArray.cpp; sourceTree = "<group>"; };
		C69922212AF7AA2C0099AEC0 /* JameoCore.framework */ = {isa = PBXFileReference; explicitFileType = wrapper.framework; includeInIndex = 0; path = JameoCore.framework; sourceTree = BUILT_PRODUCTS_DIR; };
		C6F0F51B2AF63BED005BA06F /* EditableObjectTest.cpp */ = {isa = PBXFileReference; fileEncoding = 4; lastKnownFileType = sourcecode.cpp.cpp; name = EditableObjectTest.cpp; path = test/core/EditableObjectTest.cpp; sourceTree = "<group>"; };
		C6F0F51C2AF63BED005BA06F /* EditableObjectTest.h */ = {isa = PBXFileReference; fileEncoding = 4; lastKnownFileType = sourcecode.c.h; name = EditableObjectTest.h; path = test/core/EditableObjectTest.h; sourceTree = "<group>"; };
		C6F0F51E2AF63C15005BA06F /* EditableObject.cpp */ = {isa = PBXFileReference; fileEncoding = 4; lastKnownFileType = sourcecode.cpp.cpp; name = EditableObject.cpp; path = src/core/EditableObject.cpp; sourceTree = "<group>"; };
/* End PBXFileReference section */

/* Begin PBXFrameworksBuildPhase section */
		C62B91482AEEFFFC0085300B /* Frameworks */ = {
			isa = PBXFrameworksBuildPhase;
			buildActionMask = 2147483647;
			files = (
				C699226A2AF7AAC20099AEC0 /* JameoCore.framework in Frameworks */,
			);
			runOnlyForDeploymentPostprocessing = 0;
		};
		C699221E2AF7AA2C0099AEC0 /* Frameworks */ = {
			isa = PBXFrameworksBuildPhase;
			buildActionMask = 2147483647;
			files = (
				C69922692AF7AA8A0099AEC0 /* CoreServices.framework in Frameworks */,
				C69922682AF7AA850099AEC0 /* libz.tbd in Frameworks */,
			);
			runOnlyForDeploymentPostprocessing = 0;
		};
/* End PBXFrameworksBuildPhase section */

/* Begin PBXGroup section */
		C62B90302AEEFBEB0085300B = {
			isa = PBXGroup;
			children = (
				C62B90432AEEFC1C0085300B /* test */,
				C62B90402AEEFC0A0085300B /* include */,
				C62B90422AEEFC150085300B /* src */,
				C62B90412AEEFC110085300B /* prec */,
				C637FA982AF7DA1800002ADC /* translations */,
				C62B903A2AEEFBEB0085300B /* Products */,
				C62B919A2AEF006B0085300B /* Frameworks */,
			);
			sourceTree = "<group>";
		};
		C62B903A2AEEFBEB0085300B /* Products */ = {
			isa = PBXGroup;
			children = (
				C62B914B2AEEFFFC0085300B /* CoreTest */,
				C69922212AF7AA2C0099AEC0 /* JameoCore.framework */,
			);
			name = Products;
			sourceTree = "<group>";
		};
		C62B90402AEEFC0A0085300B /* include */ = {
			isa = PBXGroup;
			children = (
				C62B90D62AEEFC5F0085300B /* core */,
			);
			name = include;
			sourceTree = "<group>";
		};
		C62B90412AEEFC110085300B /* prec */ = {
			isa = PBXGroup;
			children = (
				C62B91432AEEFC740085300B /* Precompiled.cpp */,
				C62B91442AEEFC740085300B /* Precompiled.h */,
			);
			name = prec;
			sourceTree = "<group>";
		};
		C62B90422AEEFC150085300B /* src */ = {
			isa = PBXGroup;
			children = (
				C62B905D2AEEFC4B0085300B /* core */,
			);
			name = src;
			sourceTree = "<group>";
		};
		C62B90432AEEFC1C0085300B /* test */ = {
			isa = PBXGroup;
			children = (
				C62B90452AEEFC2F0085300B /* Main.cpp */,
				C62B90442AEEFC270085300B /* core */,
			);
			name = test;
			sourceTree = "<group>";
		};
		C62B90442AEEFC270085300B /* core */ = {
			isa = PBXGroup;
			children = (
				C6F0F51B2AF63BED005BA06F /* EditableObjectTest.cpp */,
				C6F0F51C2AF63BED005BA06F /* EditableObjectTest.h */,
				C62B90542AEEFC3C0085300B /* DateTest.cpp */,
				C62B90492AEEFC3C0085300B /* DateTest.h */,
				C62B905C2AEEFC3C0085300B /* DeflateTest.cpp */,
				C62B90562AEEFC3C0085300B /* DeflateTest.h */,
				C62B90572AEEFC3C0085300B /* GeometryTest.cpp */,
				C62B904E2AEEFC3C0085300B /* GeometryTest.h */,
				C62B90472AEEFC3C0085300B /* HashtableTest.cpp */,
				C62B90512AEEFC3C0085300B /* HashtableTest.h */,
				C62B90552AEEFC3C0085300B /* LinkedListTest.cpp */,
				C62B90502AEEFC3C0085300B /* LinkedListTest.h */,
				C62B90592AEEFC3C0085300B /* MathTest.cpp */,
				C62B90522AEEFC3C0085300B /* MathTest.h */,
				C62B905A2AEEFC3C0085300B /* MatrixTest.cpp */,
				C62B904B2AEEFC3C0085300B /* MatrixTest.h */,
				C62B904C2AEEFC3C0085300B /* StringTest.cpp */,
				C62B904D2AEEFC3C0085300B /* StringTest.h */,
				C62B905B2AEEFC3C0085300B /* StringTokenizerTest.cpp */,
				C62B904F2AEEFC3C0085300B /* StringTokenizerTest.h */,
				C62B90532AEEFC3C0085300B /* UndoManagerTest.cpp */,
				C62B90482AEEFC3C0085300B /* UndoManagerTest.h */,
				C62B90582AEEFC3C0085300B /* VertexTest.cpp */,
				C62B904A2AEEFC3C0085300B /* VertexTest.h */,
			);
			name = core;
			sourceTree = "<group>";
		};
		C62B905D2AEEFC4B0085300B /* core */ = {
			isa = PBXGroup;
			children = (
				C64DDBFD2B768F01008ED3A4 /* ByteArray.cpp */,
				C6F0F51E2AF63C15005BA06F /* EditableObject.cpp */,
				C62B907D2AEEFC550085300B /* AutoreleasePool.cpp */,
				C62B90962AEEFC550085300B /* Base64.cpp */,
				C62B908B2AEEFC550085300B /* Character.cpp */,
				C62B90902AEEFC550085300B /* Charset.cpp */,
				C62B90622AEEFC550085300B /* CharsetDecoder.cpp */,
				C62B90932AEEFC550085300B /* Colour.cpp */,
				C62B906E2AEEFC550085300B /* CRC.cpp */,
				C62B908D2AEEFC550085300B /* Date.cpp */,
				C62B90982AEEFC550085300B /* DateFormatter.cpp */,
				C62B908A2AEEFC550085300B /* Deflater.cpp */,
				C62B90972AEEFC550085300B /* Diff.cpp */,
				C62B90712AEEFC550085300B /* DiffBacktrace.cpp */,
				C62B906D2AEEFC550085300B /* DiffDiag.cpp */,
				C62B905F2AEEFC550085300B /* DiffDistance.cpp */,
				C62B90792AEEFC550085300B /* DiffInfo.cpp */,
				C62B90852AEEFC550085300B /* Document.cpp */,
				C62B90862AEEFC550085300B /* Exception.cpp */,
				C62B90832AEEFC550085300B /* Extents.cpp */,
				C62B90922AEEFC550085300B /* File.cpp */,
				C62B908E2AEEFC550085300B /* Geometry.cpp */,
				C62B90802AEEFC550085300B /* Hashtable.cpp */,
				C62B907C2AEEFC550085300B /* I18nBundle.cpp */,
				C62B907A2AEEFC550085300B /* Inflater.cpp */,
				C62B90882AEEFC550085300B /* Integer.cpp */,
				C62B90892AEEFC550085300B /* Iterator.cpp */,
				C62B90692AEEFC550085300B /* LinkedList.cpp */,
				C62B90952AEEFC550085300B /* MacRomanDecoder.cpp */,
				C62B90662AEEFC550085300B /* Math.cpp */,
				C62B90612AEEFC550085300B /* Matrix.cpp */,
				C62B90752AEEFC550085300B /* MemoryStream.cpp */,
				C62B90632AEEFC550085300B /* Mutex.cpp */,
				C62B90742AEEFC550085300B /* NURBS.cpp */,
				C62B90732AEEFC550085300B /* Object.cpp */,
				C62B90872AEEFC550085300B /* PaintingBackend.cpp */,
				C62B90642AEEFC550085300B /* Preferences.cpp */,
				C62B90762AEEFC550085300B /* Property.cpp */,
				C62B907B2AEEFC550085300B /* SAXAttributes.cpp */,
				C62B90682AEEFC550085300B /* SAXParser.cpp */,
				C62B90672AEEFC550085300B /* Serializer.cpp */,
				C62B90812AEEFC550085300B /* Stream.cpp */,
				C62B908F2AEEFC550085300B /* String.cpp */,
				C62B90912AEEFC550085300B /* StringTokenizer.cpp */,
				C62B908C2AEEFC550085300B /* System.cpp */,
				C62B905E2AEEFC550085300B /* Test.cpp */,
				C62B90992AEEFC550085300B /* TestVector.cpp */,
				C62B907F2AEEFC550085300B /* Thread.cpp */,
				C62B90822AEEFC550085300B /* Transform.cpp */,
				C62B90722AEEFC550085300B /* UndoChange.cpp */,
				C62B906A2AEEFC550085300B /* UndoManager.cpp */,
				C62B906B2AEEFC550085300B /* UndoStep.cpp */,
				C62B90602AEEFC550085300B /* URI.cpp */,
				C62B90782AEEFC550085300B /* UTF8Decoder.cpp */,
				C62B906C2AEEFC550085300B /* UTF16Decoder.cpp */,
				C62B90842AEEFC550085300B /* Vector.cpp */,
				C62B907E2AEEFC550085300B /* Vertex2.cpp */,
				C62B90652AEEFC550085300B /* Vertex3.cpp */,
				C62B90772AEEFC550085300B /* Windows1252Decoder.cpp */,
				C62B906F2AEEFC550085300B /* XMLWriter.cpp */,
				C62B90702AEEFC550085300B /* ZipFile.cpp */,
				C62B90942AEEFC550085300B /* ZipOutputFile.cpp */,
				C62B919F2AEF03A30085300B /* MacBindings.mm */,
			);
			name = core;
			sourceTree = "<group>";
		};
		C62B90D62AEEFC5F0085300B /* core */ = {
			isa = PBXGroup;
			children = (
				C62B90FC2AEEFC6A0085300B /* Array.h */,
				C62B90E62AEEFC6A0085300B /* AutoreleasePool.h */,
				C62B90DD2AEEFC6A0085300B /* Base64.h */,
				C62B90E22AEEFC6A0085300B /* CharArray.h */,
				C62B90F12AEEFC6A0085300B /* Charset.h */,
				C62B91032AEEFC6A0085300B /* Colour.h */,
				C62B90E82AEEFC6A0085300B /* Core.h */,
				C62B91062AEEFC6A0085300B /* CRC.h */,
				C62B90FD2AEEFC6A0085300B /* Date.h */,
				C62B91082AEEFC6A0085300B /* Deflater.h */,
				C62B90DB2AEEFC690085300B /* Diff.h */,
				C62B90EF2AEEFC6A0085300B /* DiffBacktrace.h */,
				C62B90DE2AEEFC6A0085300B /* DiffDiag.h */,
				C62B90E02AEEFC6A0085300B /* DiffDistance.h */,
				C62B90E32AEEFC6A0085300B /* DiffInfo.h */,
				C62B91092AEEFC6A0085300B /* DiffTypes.h */,
				C62B90DF2AEEFC6A0085300B /* Document.h */,
				C62B90ED2AEEFC6A0085300B /* Exception.h */,
				C62B90DA2AEEFC690085300B /* File.h */,
				C62B91022AEEFC6A0085300B /* Geometry.h */,
				C62B91052AEEFC6A0085300B /* Hashtable.h */,
				C62B90F82AEEFC6A0085300B /* I18nBundle.h */,
				C62B910C2AEEFC6A0085300B /* Inflater.h */,
				C62B90F42AEEFC6A0085300B /* Integer.h */,
				C62B90FA2AEEFC6A0085300B /* Iterator.h */,
				C62B90E72AEEFC6A0085300B /* LinkedList.h */,
				C62B90D82AEEFC690085300B /* Math.h */,
				C62B90E42AEEFC6A0085300B /* Matrix.h */,
				C62B90EB2AEEFC6A0085300B /* MemoryStream.h */,
				C62B90D92AEEFC690085300B /* Mutex.h */,
				C62B90F72AEEFC6A0085300B /* Nurbs.h */,
				C62B90E92AEEFC6A0085300B /* Object.h */,
				C62B90EC2AEEFC6A0085300B /* PaintingBackend.h */,
				C62B90F32AEEFC6A0085300B /* Preferences.h */,
				C62B90F02AEEFC6A0085300B /* Property.h */,
				C62B91012AEEFC6A0085300B /* SAXParser.h */,
				C62B90EE2AEEFC6A0085300B /* Serializer.h */,
				C62B91072AEEFC6A0085300B /* Stack.h */,
				C62B90E52AEEFC6A0085300B /* Stream.h */,
				C62B90F62AEEFC6A0085300B /* String.h */,
				C62B90EA2AEEFC6A0085300B /* StringTokenizer.h */,
				C62B90E12AEEFC6A0085300B /* System.h */,
				C62B91002AEEFC6A0085300B /* Test.h */,
				C62B91042AEEFC6A0085300B /* Thread.h */,
				C62B90F22AEEFC6A0085300B /* Transform.h */,
				C62B90FE2AEEFC6A0085300B /* Types.h */,
				C62B90FF2AEEFC6A0085300B /* UndoData.h */,
				C62B90FB2AEEFC6A0085300B /* UndoManager.h */,
				C62B90F92AEEFC6A0085300B /* URI.h */,
				C62B910B2AEEFC6A0085300B /* Vector.h */,
				C62B910A2AEEFC6A0085300B /* Vertex2.h */,
				C62B90DC2AEEFC690085300B /* Vertex3.h */,
				C62B90D72AEEFC690085300B /* XMLWriter.h */,
				C62B90F52AEEFC6A0085300B /* ZipFile.h */,
				C62B91A22AEF08500085300B /* MacBindings.h */,
				C62B91A32AEF09FF0085300B /* MacInterface.h */,
			);
			name = core;
			sourceTree = "<group>";
		};
		C62B919A2AEF006B0085300B /* Frameworks */ = {
			isa = PBXGroup;
			children = (
				C62B919D2AEF008A0085300B /* libz.tbd */,
				C62B919B2AEF006B0085300B /* CoreServices.framework */,
			);
			name = Frameworks;
			sourceTree = "<group>";
		};
		C637FA982AF7DA1800002ADC /* translations */ = {
			isa = PBXGroup;
			children = (
				C637FA9A2AF7DC8800002ADC /* de_DE.mo */,
				C637FA9B2AF7DC8800002ADC /* de_DE.po */,
			);
			name = translations;
			sourceTree = "<group>";
		};
/* End PBXGroup section */

/* Begin PBXNativeTarget section */
		C62B914A2AEEFFFC0085300B /* CoreTest */ = {
			isa = PBXNativeTarget;
			buildConfigurationList = C62B914F2AEEFFFC0085300B /* Build configuration list for PBXNativeTarget "CoreTest" */;
			buildPhases = (
				C62B91472AEEFFFC0085300B /* Sources */,
				C62B91482AEEFFFC0085300B /* Frameworks */,
			);
			buildRules = (
			);
			dependencies = (
				C699226C2AF7AAFB0099AEC0 /* PBXTargetDependency */,
			);
			name = CoreTest;
			productName = CoreTest;
			productReference = C62B914B2AEEFFFC0085300B /* CoreTest */;
			productType = "com.apple.product-type.tool";
		};
		C69922202AF7AA2C0099AEC0 /* JameoCore */ = {
			isa = PBXNativeTarget;
			buildConfigurationList = C69922272AF7AA2C0099AEC0 /* Build configuration list for PBXNativeTarget "JameoCore" */;
			buildPhases = (
				C699221D2AF7AA2C0099AEC0 /* Sources */,
				C699221E2AF7AA2C0099AEC0 /* Frameworks */,
				C699226D2AF7AB420099AEC0 /* Copy Headers */,
				C637FA9D2AF7E67700002ADC /* Copy Translations */,
			);
			buildRules = (
			);
			dependencies = (
			);
			name = JameoCore;
			productName = JameoCore;
			productReference = C69922212AF7AA2C0099AEC0 /* JameoCore.framework */;
			productType = "com.apple.product-type.framework";
		};
/* End PBXNativeTarget section */

/* Begin PBXProject section */
		C62B90312AEEFBEB0085300B /* Project object */ = {
			isa = PBXProject;
			attributes = {
				BuildIndependentTargetsInParallel = 1;
				LastUpgradeCheck = 1500;
				TargetAttributes = {
					C62B914A2AEEFFFC0085300B = {
						CreatedOnToolsVersion = 15.0.1;
					};
					C69922202AF7AA2C0099AEC0 = {
						CreatedOnToolsVersion = 15.0.1;
					};
				};
			};
			buildConfigurationList = C62B90342AEEFBEB0085300B /* Build configuration list for PBXProject "Core" */;
			compatibilityVersion = "Xcode 14.0";
			developmentRegion = en;
			hasScannedForEncodings = 0;
			knownRegions = (
				en,
				Base,
			);
			mainGroup = C62B90302AEEFBEB0085300B;
			productRefGroup = C62B903A2AEEFBEB0085300B /* Products */;
			projectDirPath = "";
			projectRoot = "";
			targets = (
				C62B914A2AEEFFFC0085300B /* CoreTest */,
				C69922202AF7AA2C0099AEC0 /* JameoCore */,
			);
		};
/* End PBXProject section */

/* Begin PBXSourcesBuildPhase section */
		C62B91472AEEFFFC0085300B /* Sources */ = {
			isa = PBXSourcesBuildPhase;
			buildActionMask = 2147483647;
			files = (
				C62B91942AEF001D0085300B /* DateTest.cpp in Sources */,
				C62B918E2AEF000F0085300B /* Main.cpp in Sources */,
				C62B918F2AEF001D0085300B /* LinkedListTest.cpp in Sources */,
				C62B91952AEF001D0085300B /* MathTest.cpp in Sources */,
				C62B91962AEF001D0085300B /* MatrixTest.cpp in Sources */,
				C62B91982AEF001D0085300B /* StringTokenizerTest.cpp in Sources */,
				C62B91972AEF001D0085300B /* StringTest.cpp in Sources */,
				C62B91992AEF001D0085300B /* HashtableTest.cpp in Sources */,
				C62B91912AEF001D0085300B /* DeflateTest.cpp in Sources */,
				C62B91932AEF001D0085300B /* UndoManagerTest.cpp in Sources */,
				C62B91922AEF001D0085300B /* VertexTest.cpp in Sources */,
				C62B91902AEF001D0085300B /* GeometryTest.cpp in Sources */,
				C6F0F51D2AF63BED005BA06F /* EditableObjectTest.cpp in Sources */,
			);
			runOnlyForDeploymentPostprocessing = 0;
		};
		C699221D2AF7AA2C0099AEC0 /* Sources */ = {
			isa = PBXSourcesBuildPhase;
			buildActionMask = 2147483647;
			files = (
				C69922462AF7AA660099AEC0 /* SAXAttributes.cpp in Sources */,
				C699223D2AF7AA660099AEC0 /* NURBS.cpp in Sources */,
				C69922412AF7AA660099AEC0 /* Serializer.cpp in Sources */,
				C699224D2AF7AA660099AEC0 /* Character.cpp in Sources */,
				C69922432AF7AA660099AEC0 /* EditableObject.cpp in Sources */,
				C699224C2AF7AA660099AEC0 /* Windows1252Decoder.cpp in Sources */,
				C69922352AF7AA660099AEC0 /* System.cpp in Sources */,
				C69922522AF7AA660099AEC0 /* TestVector.cpp in Sources */,
				C699223F2AF7AA660099AEC0 /* Object.cpp in Sources */,
				C69922592AF7AA660099AEC0 /* File.cpp in Sources */,
				C69922422AF7AA660099AEC0 /* Test.cpp in Sources */,
				C699225A2AF7AA660099AEC0 /* CRC.cpp in Sources */,
				C69922612AF7AA660099AEC0 /* Vertex2.cpp in Sources */,
				C69922632AF7AA660099AEC0 /* DiffDistance.cpp in Sources */,
				C699225C2AF7AA660099AEC0 /* DateFormatter.cpp in Sources */,
				C69922452AF7AA660099AEC0 /* Hashtable.cpp in Sources */,
				C69922642AF7AA660099AEC0 /* ZipFile.cpp in Sources */,
				C69922622AF7AA660099AEC0 /* CharsetDecoder.cpp in Sources */,
				C699225D2AF7AA660099AEC0 /* Property.cpp in Sources */,
				C69922602AF7AA660099AEC0 /* StringTokenizer.cpp in Sources */,
				C69922302AF7AA660099AEC0 /* Inflater.cpp in Sources */,
				C69922572AF7AA660099AEC0 /* URI.cpp in Sources */,
				C69922312AF7AA660099AEC0 /* UndoManager.cpp in Sources */,
				C69922562AF7AA660099AEC0 /* XMLWriter.cpp in Sources */,
				C699223E2AF7AA660099AEC0 /* Geometry.cpp in Sources */,
				C69922442AF7AA660099AEC0 /* UndoChange.cpp in Sources */,
				C699224A2AF7AA660099AEC0 /* PaintingBackend.cpp in Sources */,
				C69922492AF7AA660099AEC0 /* Preferences.cpp in Sources */,
				C699225F2AF7AA660099AEC0 /* I18nBundle.cpp in Sources */,
				C69922382AF7AA660099AEC0 /* AutoreleasePool.cpp in Sources */,
				C69922322AF7AA660099AEC0 /* ZipOutputFile.cpp in Sources */,
				C64DDBFE2B768F01008ED3A4 /* ByteArray.cpp in Sources */,
				C699225B2AF7AA660099AEC0 /* Exception.cpp in Sources */,
				C699224F2AF7AA660099AEC0 /* LinkedList.cpp in Sources */,
				C69922472AF7AA660099AEC0 /* Deflater.cpp in Sources */,
				C699224E2AF7AA660099AEC0 /* UTF16Decoder.cpp in Sources */,
				C699222C2AF7AA660099AEC0 /* DiffInfo.cpp in Sources */,
				C69922532AF7AA660099AEC0 /* UndoStep.cpp in Sources */,
				C69922342AF7AA660099AEC0 /* MacRomanDecoder.cpp in Sources */,
				C69922552AF7AA660099AEC0 /* Vertex3.cpp in Sources */,
				C69922362AF7AA660099AEC0 /* Transform.cpp in Sources */,
				C699223A2AF7AA660099AEC0 /* Integer.cpp in Sources */,
				C69922672AF7AA660099AEC0 /* SAXParser.cpp in Sources */,
				C69922482AF7AA660099AEC0 /* MacBindings.mm in Sources */,
				C699223B2AF7AA660099AEC0 /* Math.cpp in Sources */,
				C699222F2AF7AA660099AEC0 /* Colour.cpp in Sources */,
				C69922402AF7AA660099AEC0 /* DiffBacktrace.cpp in Sources */,
				C699225E2AF7AA660099AEC0 /* Document.cpp in Sources */,
				C69922662AF7AA660099AEC0 /* Extents.cpp in Sources */,
				C699223C2AF7AA660099AEC0 /* Date.cpp in Sources */,
				C699222D2AF7AA660099AEC0 /* Mutex.cpp in Sources */,
				C699222E2AF7AA660099AEC0 /* Stream.cpp in Sources */,
				C69922512AF7AA660099AEC0 /* Base64.cpp in Sources */,
				C69922332AF7AA660099AEC0 /* Iterator.cpp in Sources */,
				C69922582AF7AA660099AEC0 /* Matrix.cpp in Sources */,
				C699224B2AF7AA660099AEC0 /* DiffDiag.cpp in Sources */,
				C69922372AF7AA660099AEC0 /* UTF8Decoder.cpp in Sources */,
				C69922652AF7AA660099AEC0 /* MemoryStream.cpp in Sources */,
				C699222B2AF7AA660099AEC0 /* Diff.cpp in Sources */,
				C69922542AF7AA660099AEC0 /* String.cpp in Sources */,
				C69922392AF7AA660099AEC0 /* Vector.cpp in Sources */,
				C699222A2AF7AA660099AEC0 /* Thread.cpp in Sources */,
				C69922502AF7AA660099AEC0 /* Charset.cpp in Sources */,
			);
			runOnlyForDeploymentPostprocessing = 0;
		};
/* End PBXSourcesBuildPhase section */

/* Begin PBXTargetDependency section */
		C699226C2AF7AAFB0099AEC0 /* PBXTargetDependency */ = {
			isa = PBXTargetDependency;
			target = C69922202AF7AA2C0099AEC0 /* JameoCore */;
			targetProxy = C699226B2AF7AAFB0099AEC0 /* PBXContainerItemProxy */;
		};
/* End PBXTargetDependency section */

/* Begin XCBuildConfiguration section */
		C62B903B2AEEFBEB0085300B /* Debug */ = {
			isa = XCBuildConfiguration;
			buildSettings = {
				ALWAYS_SEARCH_USER_PATHS = NO;
				ASSETCATALOG_COMPILER_GENERATE_SWIFT_ASSET_SYMBOL_EXTENSIONS = YES;
				CLANG_ANALYZER_NONNULL = YES;
				CLANG_ANALYZER_NUMBER_OBJECT_CONVERSION = YES_AGGRESSIVE;
				CLANG_CXX_LANGUAGE_STANDARD = "gnu++20";
				CLANG_ENABLE_MODULES = YES;
				CLANG_ENABLE_OBJC_ARC = YES;
				CLANG_ENABLE_OBJC_WEAK = YES;
				CLANG_WARN_BLOCK_CAPTURE_AUTORELEASING = YES;
				CLANG_WARN_BOOL_CONVERSION = YES;
				CLANG_WARN_COMMA = YES;
				CLANG_WARN_CONSTANT_CONVERSION = YES;
				CLANG_WARN_DEPRECATED_OBJC_IMPLEMENTATIONS = YES;
				CLANG_WARN_DIRECT_OBJC_ISA_USAGE = YES_ERROR;
				CLANG_WARN_DOCUMENTATION_COMMENTS = YES;
				CLANG_WARN_EMPTY_BODY = YES;
				CLANG_WARN_ENUM_CONVERSION = YES;
				CLANG_WARN_INFINITE_RECURSION = YES;
				CLANG_WARN_INT_CONVERSION = YES;
				CLANG_WARN_NON_LITERAL_NULL_CONVERSION = YES;
				CLANG_WARN_OBJC_IMPLICIT_RETAIN_SELF = YES;
				CLANG_WARN_OBJC_LITERAL_CONVERSION = YES;
				CLANG_WARN_OBJC_ROOT_CLASS = YES_ERROR;
				CLANG_WARN_QUOTED_INCLUDE_IN_FRAMEWORK_HEADER = YES;
				CLANG_WARN_RANGE_LOOP_ANALYSIS = YES;
				CLANG_WARN_STRICT_PROTOTYPES = YES;
				CLANG_WARN_SUSPICIOUS_MOVE = YES;
				CLANG_WARN_UNGUARDED_AVAILABILITY = YES_AGGRESSIVE;
				CLANG_WARN_UNREACHABLE_CODE = YES;
				CLANG_WARN__DUPLICATE_METHOD_MATCH = YES;
				COPY_PHASE_STRIP = NO;
				DEBUG_INFORMATION_FORMAT = dwarf;
				DEVELOPMENT_TEAM = XG6K23H28P;
				ENABLE_HARDENED_RUNTIME = YES;
				ENABLE_STRICT_OBJC_MSGSEND = YES;
				ENABLE_TESTABILITY = YES;
				ENABLE_USER_SCRIPT_SANDBOXING = YES;
				GCC_C_LANGUAGE_STANDARD = gnu17;
				GCC_DYNAMIC_NO_PIC = NO;
				GCC_NO_COMMON_BLOCKS = YES;
				GCC_OPTIMIZATION_LEVEL = 0;
				GCC_PREPROCESSOR_DEFINITIONS = (
					"DEBUG=1",
					"$(inherited)",
				);
				GCC_WARN_64_TO_32_BIT_CONVERSION = YES;
				GCC_WARN_ABOUT_RETURN_TYPE = YES_ERROR;
				GCC_WARN_UNDECLARED_SELECTOR = YES;
				GCC_WARN_UNINITIALIZED_AUTOS = YES_AGGRESSIVE;
				GCC_WARN_UNUSED_FUNCTION = YES;
				GCC_WARN_UNUSED_VARIABLE = YES;
				HEADER_SEARCH_PATHS = (
					3rdparty,
					prec,
					include,
				);
				LOCALIZATION_PREFERS_STRING_CATALOGS = YES;
				MACOSX_DEPLOYMENT_TARGET = 14.0;
				MTL_ENABLE_DEBUG_INFO = INCLUDE_SOURCE;
				MTL_FAST_MATH = YES;
				ONLY_ACTIVE_ARCH = YES;
				SDKROOT = macosx;
			};
			name = Debug;
		};
		C62B903C2AEEFBEB0085300B /* Release */ = {
			isa = XCBuildConfiguration;
			buildSettings = {
				ALWAYS_SEARCH_USER_PATHS = NO;
				ASSETCATALOG_COMPILER_GENERATE_SWIFT_ASSET_SYMBOL_EXTENSIONS = YES;
				CLANG_ANALYZER_NONNULL = YES;
				CLANG_ANALYZER_NUMBER_OBJECT_CONVERSION = YES_AGGRESSIVE;
				CLANG_CXX_LANGUAGE_STANDARD = "gnu++20";
				CLANG_ENABLE_MODULES = YES;
				CLANG_ENABLE_OBJC_ARC = YES;
				CLANG_ENABLE_OBJC_WEAK = YES;
				CLANG_WARN_BLOCK_CAPTURE_AUTORELEASING = YES;
				CLANG_WARN_BOOL_CONVERSION = YES;
				CLANG_WARN_COMMA = YES;
				CLANG_WARN_CONSTANT_CONVERSION = YES;
				CLANG_WARN_DEPRECATED_OBJC_IMPLEMENTATIONS = YES;
				CLANG_WARN_DIRECT_OBJC_ISA_USAGE = YES_ERROR;
				CLANG_WARN_DOCUMENTATION_COMMENTS = YES;
				CLANG_WARN_EMPTY_BODY = YES;
				CLANG_WARN_ENUM_CONVERSION = YES;
				CLANG_WARN_INFINITE_RECURSION = YES;
				CLANG_WARN_INT_CONVERSION = YES;
				CLANG_WARN_NON_LITERAL_NULL_CONVERSION = YES;
				CLANG_WARN_OBJC_IMPLICIT_RETAIN_SELF = YES;
				CLANG_WARN_OBJC_LITERAL_CONVERSION = YES;
				CLANG_WARN_OBJC_ROOT_CLASS = YES_ERROR;
				CLANG_WARN_QUOTED_INCLUDE_IN_FRAMEWORK_HEADER = YES;
				CLANG_WARN_RANGE_LOOP_ANALYSIS = YES;
				CLANG_WARN_STRICT_PROTOTYPES = YES;
				CLANG_WARN_SUSPICIOUS_MOVE = YES;
				CLANG_WARN_UNGUARDED_AVAILABILITY = YES_AGGRESSIVE;
				CLANG_WARN_UNREACHABLE_CODE = YES;
				CLANG_WARN__DUPLICATE_METHOD_MATCH = YES;
				COPY_PHASE_STRIP = NO;
				DEBUG_INFORMATION_FORMAT = "dwarf-with-dsym";
				DEVELOPMENT_TEAM = XG6K23H28P;
				ENABLE_HARDENED_RUNTIME = YES;
				ENABLE_NS_ASSERTIONS = NO;
				ENABLE_STRICT_OBJC_MSGSEND = YES;
				ENABLE_USER_SCRIPT_SANDBOXING = YES;
				GCC_C_LANGUAGE_STANDARD = gnu17;
				GCC_NO_COMMON_BLOCKS = YES;
				GCC_WARN_64_TO_32_BIT_CONVERSION = YES;
				GCC_WARN_ABOUT_RETURN_TYPE = YES_ERROR;
				GCC_WARN_UNDECLARED_SELECTOR = YES;
				GCC_WARN_UNINITIALIZED_AUTOS = YES_AGGRESSIVE;
				GCC_WARN_UNUSED_FUNCTION = YES;
				GCC_WARN_UNUSED_VARIABLE = YES;
				HEADER_SEARCH_PATHS = (
					3rdparty,
					prec,
					include,
				);
				LOCALIZATION_PREFERS_STRING_CATALOGS = YES;
				MACOSX_DEPLOYMENT_TARGET = 14.0;
				MTL_ENABLE_DEBUG_INFO = NO;
				MTL_FAST_MATH = YES;
				SDKROOT = macosx;
			};
			name = Release;
		};
		C62B91502AEEFFFC0085300B /* Debug */ = {
			isa = XCBuildConfiguration;
			buildSettings = {
				PRODUCT_BUNDLE_IDENTIFIER = de.jameo.CoreTest;
				PRODUCT_NAME = "$(TARGET_NAME)";
			};
			name = Debug;
		};
		C62B91512AEEFFFC0085300B /* Release */ = {
			isa = XCBuildConfiguration;
			buildSettings = {
				PRODUCT_BUNDLE_IDENTIFIER = de.jameo.CoreTest;
				PRODUCT_NAME = "$(TARGET_NAME)";
			};
			name = Release;
		};
		C69922282AF7AA2C0099AEC0 /* Debug */ = {
			isa = XCBuildConfiguration;
			buildSettings = {
				COMBINE_HIDPI_IMAGES = YES;
				CURRENT_PROJECT_VERSION = 1;
				DYLIB_COMPATIBILITY_VERSION = 1;
				DYLIB_CURRENT_VERSION = 1;
				DYLIB_INSTALL_NAME_BASE = "@rpath";
				ENABLE_MODULE_VERIFIER = YES;
				GCC_PRECOMPILE_PREFIX_HEADER = YES;
				GCC_PREFIX_HEADER = prec/Precompiled.h;
				GENERATE_INFOPLIST_FILE = YES;
				INFOPLIST_KEY_NSHumanReadableCopyright = "";
				INSTALL_PATH = "$(LOCAL_LIBRARY_DIR)/Frameworks";
				LD_RUNPATH_SEARCH_PATHS = (
					"$(inherited)",
					"@executable_path/../Frameworks",
					"@loader_path/Frameworks",
				);
				MARKETING_VERSION = 1.0;
				MODULE_VERIFIER_SUPPORTED_LANGUAGES = "c++";
				MODULE_VERIFIER_SUPPORTED_LANGUAGE_STANDARDS = "gnu17 gnu++20";
				PRODUCT_BUNDLE_IDENTIFIER = de.jameo.JameoCore;
				PRODUCT_NAME = "$(TARGET_NAME:c99extidentifier)";
				SKIP_INSTALL = YES;
				SUPPORTED_PLATFORMS = "iphoneos iphonesimulator macosx";
				SUPPORTS_MACCATALYST = NO;
				SWIFT_EMIT_LOC_STRINGS = YES;
				TAPI_LANGUAGE = "c++";
				TARGETED_DEVICE_FAMILY = "1,2";
				VERSIONING_SYSTEM = "apple-generic";
				VERSION_INFO_PREFIX = "";
			};
			name = Debug;
		};
		C69922292AF7AA2C0099AEC0 /* Release */ = {
			isa = XCBuildConfiguration;
			buildSettings = {
				COMBINE_HIDPI_IMAGES = YES;
				CURRENT_PROJECT_VERSION = 1;
				DYLIB_COMPATIBILITY_VERSION = 1;
				DYLIB_CURRENT_VERSION = 1;
				DYLIB_INSTALL_NAME_BASE = "@rpath";
				ENABLE_MODULE_VERIFIER = YES;
				GCC_PRECOMPILE_PREFIX_HEADER = YES;
				GCC_PREFIX_HEADER = prec/Precompiled.h;
				GENERATE_INFOPLIST_FILE = YES;
				INFOPLIST_KEY_NSHumanReadableCopyright = "";
				INSTALL_PATH = "$(LOCAL_LIBRARY_DIR)/Frameworks";
				LD_RUNPATH_SEARCH_PATHS = (
					"$(inherited)",
					"@executable_path/../Frameworks",
					"@loader_path/Frameworks",
				);
				MARKETING_VERSION = 1.0;
				MODULE_VERIFIER_SUPPORTED_LANGUAGES = "c++";
				MODULE_VERIFIER_SUPPORTED_LANGUAGE_STANDARDS = "gnu17 gnu++20";
				PRODUCT_BUNDLE_IDENTIFIER = de.jameo.JameoCore;
				PRODUCT_NAME = "$(TARGET_NAME:c99extidentifier)";
				SKIP_INSTALL = YES;
				SUPPORTED_PLATFORMS = "iphoneos iphonesimulator macosx";
				SUPPORTS_MACCATALYST = NO;
				SWIFT_EMIT_LOC_STRINGS = YES;
				TAPI_LANGUAGE = "c++";
				TARGETED_DEVICE_FAMILY = "1,2";
				VERSIONING_SYSTEM = "apple-generic";
				VERSION_INFO_PREFIX = "";
			};
			name = Release;
		};
/* End XCBuildConfiguration section */

/* Begin XCConfigurationList section */
		C62B90342AEEFBEB0085300B /* Build configuration list for PBXProject "Core" */ = {
			isa = XCConfigurationList;
			buildConfigurations = (
				C62B903B2AEEFBEB0085300B /* Debug */,
				C62B903C2AEEFBEB0085300B /* Release */,
			);
			defaultConfigurationIsVisible = 0;
			defaultConfigurationName = Release;
		};
		C62B914F2AEEFFFC0085300B /* Build configuration list for PBXNativeTarget "CoreTest" */ = {
			isa = XCConfigurationList;
			buildConfigurations = (
				C62B91502AEEFFFC0085300B /* Debug */,
				C62B91512AEEFFFC0085300B /* Release */,
			);
			defaultConfigurationIsVisible = 0;
			defaultConfigurationName = Release;
		};
		C69922272AF7AA2C0099AEC0 /* Build configuration list for PBXNativeTarget "JameoCore" */ = {
			isa = XCConfigurationList;
			buildConfigurations = (
				C69922282AF7AA2C0099AEC0 /* Debug */,
				C69922292AF7AA2C0099AEC0 /* Release */,
			);
			defaultConfigurationIsVisible = 0;
			defaultConfigurationName = Release;
		};
/* End XCConfigurationList section */
	};
	rootObject = C62B90312AEEFBEB0085300B /* Project object */;
}
